// !$*UTF8*$!
{
	archiveVersion = 1;
	classes = {
	};
	objectVersion = 46;
	objects = {

/* Begin PBXBuildFile section */
		1672A12C1DF93539002A791D /* 1.1.png in Resources */ = {isa = PBXBuildFile; fileRef = 1672A0F81DF93538002A791D /* 1.1.png */; };
		1672A12D1DF93539002A791D /* 1.2.png in Resources */ = {isa = PBXBuildFile; fileRef = 1672A0F91DF93538002A791D /* 1.2.png */; };
		1672A12E1DF93539002A791D /* 1.3.png in Resources */ = {isa = PBXBuildFile; fileRef = 1672A0FA1DF93538002A791D /* 1.3.png */; };
		1672A12F1DF93539002A791D /* 1.4.png in Resources */ = {isa = PBXBuildFile; fileRef = 1672A0FB1DF93538002A791D /* 1.4.png */; };
		1672A1301DF93539002A791D /* 1.5.png in Resources */ = {isa = PBXBuildFile; fileRef = 1672A0FC1DF93538002A791D /* 1.5.png */; };
		1672A1311DF93539002A791D /* shangchuan.png in Resources */ = {isa = PBXBuildFile; fileRef = 1672A0FD1DF93538002A791D /* shangchuan.png */; };
		1672A1321DF93539002A791D /* xian.png in Resources */ = {isa = PBXBuildFile; fileRef = 1672A0FE1DF93538002A791D /* xian.png */; };
		1672A1331DF93539002A791D /* zuoshangjiao.png in Resources */ = {isa = PBXBuildFile; fileRef = 1672A0FF1DF93538002A791D /* zuoshangjiao.png */; };
		1672A1341DF93539002A791D /* 下侧.png in Resources */ = {isa = PBXBuildFile; fileRef = 1672A1001DF93538002A791D /* 下侧.png */; };
		1672A1351DF93539002A791D /* 增加的.png in Resources */ = {isa = PBXBuildFile; fileRef = 1672A1011DF93538002A791D /* 增加的.png */; };
		1672A1361DF93539002A791D /* 常见问题.png in Resources */ = {isa = PBXBuildFile; fileRef = 1672A1021DF93538002A791D /* 常见问题.png */; };
		1672A1371DF93539002A791D /* 按钮图片.png in Resources */ = {isa = PBXBuildFile; fileRef = 1672A1031DF93538002A791D /* 按钮图片.png */; };
		1672A1381DF93539002A791D /* 照片.png in Resources */ = {isa = PBXBuildFile; fileRef = 1672A1041DF93538002A791D /* 照片.png */; };
		1672A1391DF93539002A791D /* 登录中间的图片.png in Resources */ = {isa = PBXBuildFile; fileRef = 1672A1051DF93538002A791D /* 登录中间的图片.png */; };
		1672A13A1DF93539002A791D /* 背景图片.png in Resources */ = {isa = PBXBuildFile; fileRef = 1672A1061DF93538002A791D /* 背景图片.png */; };
		1672A13B1DF93539002A791D /* 表尾.png in Resources */ = {isa = PBXBuildFile; fileRef = 1672A1071DF93538002A791D /* 表尾.png */; };
		1672A13C1DF93539002A791D /* 返回.png in Resources */ = {isa = PBXBuildFile; fileRef = 1672A1081DF93538002A791D /* 返回.png */; };
		1672A13D1DF93539002A791D /* 返回1.png in Resources */ = {isa = PBXBuildFile; fileRef = 1672A1091DF93539002A791D /* 返回1.png */; };
		1672A13E1DF93539002A791D /* DengLuViewController.m in Sources */ = {isa = PBXBuildFile; fileRef = 1672A10C1DF93539002A791D /* DengLuViewController.m */; };
		1672A13F1DF93539002A791D /* GUANKANTableViewCell.m in Sources */ = {isa = PBXBuildFile; fileRef = 1672A10E1DF93539002A791D /* GUANKANTableViewCell.m */; };
		1672A1401DF93539002A791D /* GUANKANTableViewCell.xib in Resources */ = {isa = PBXBuildFile; fileRef = 1672A10F1DF93539002A791D /* GUANKANTableViewCell.xib */; };
		1672A1411DF93539002A791D /* GUANKANViewController.m in Sources */ = {isa = PBXBuildFile; fileRef = 1672A1111DF93539002A791D /* GUANKANViewController.m */; };
		1672A1421DF93539002A791D /* QUDENGLUViewController.m in Sources */ = {isa = PBXBuildFile; fileRef = 1672A1131DF93539002A791D /* QUDENGLUViewController.m */; };
		1672A1431DF93539002A791D /* SheZhiViewController.m in Sources */ = {isa = PBXBuildFile; fileRef = 1672A1151DF93539002A791D /* SheZhiViewController.m */; };
		1672A1441DF93539002A791D /* WOViewController.m in Sources */ = {isa = PBXBuildFile; fileRef = 1672A1171DF93539002A791D /* WOViewController.m */; };
		1672A1451DF93539002A791D /* XiaCeButtonViewController.m in Sources */ = {isa = PBXBuildFile; fileRef = 1672A1191DF93539002A791D /* XiaCeButtonViewController.m */; };
		1672A1461DF93539002A791D /* XIHUANViewController.m in Sources */ = {isa = PBXBuildFile; fileRef = 1672A11B1DF93539002A791D /* XIHUANViewController.m */; };
		1672A1471DF93539002A791D /* YiJianViewController.m in Sources */ = {isa = PBXBuildFile; fileRef = 1672A11D1DF93539002A791D /* YiJianViewController.m */; };
		1672A1481DF93539002A791D /* Model.m in Sources */ = {isa = PBXBuildFile; fileRef = 1672A1201DF93539002A791D /* Model.m */; };
		1672A1491DF93539002A791D /* UIButton+countDown.m in Sources */ = {isa = PBXBuildFile; fileRef = 1672A1221DF93539002A791D /* UIButton+countDown.m */; };
		1672A14A1DF93539002A791D /* ButtonView.m in Sources */ = {isa = PBXBuildFile; fileRef = 1672A1251DF93539002A791D /* ButtonView.m */; };
		1672A14B1DF93539002A791D /* WOTableViewCell.m in Sources */ = {isa = PBXBuildFile; fileRef = 1672A1271DF93539002A791D /* WOTableViewCell.m */; };
		1672A14C1DF93539002A791D /* WOTableViewCell.xib in Resources */ = {isa = PBXBuildFile; fileRef = 1672A1281DF93539002A791D /* WOTableViewCell.xib */; };
		1672A14D1DF93539002A791D /* YIJIANTableViewCell.m in Sources */ = {isa = PBXBuildFile; fileRef = 1672A12A1DF93539002A791D /* YIJIANTableViewCell.m */; };
		1672A14E1DF93539002A791D /* YIJIANTableViewCell.xib in Resources */ = {isa = PBXBuildFile; fileRef = 1672A12B1DF93539002A791D /* YIJIANTableViewCell.xib */; };
		1672A1501DF93AD0002A791D /* 1.png in Resources */ = {isa = PBXBuildFile; fileRef = 1672A14F1DF93AD0002A791D /* 1.png */; };
		3D56A36760B74C49F4C475B5 /* libPods-cor.a in Frameworks */ = {isa = PBXBuildFile; fileRef = 1CA936CEBADAB7DDB0F0A03E /* libPods-cor.a */; };
		43BA24561DF90A3A003E4D4F /* corTests.m in Sources */ = {isa = PBXBuildFile; fileRef = 43BA24551DF90A3A003E4D4F /* corTests.m */; };
		43BA24611DF90A3A003E4D4F /* corUITests.m in Sources */ = {isa = PBXBuildFile; fileRef = 43BA24601DF90A3A003E4D4F /* corUITests.m */; };
		43BA24821DF90B4C003E4D4F /* AppDelegate.m in Sources */ = {isa = PBXBuildFile; fileRef = 43BA24711DF90B4C003E4D4F /* AppDelegate.m */; };
		43BA24831DF90B4C003E4D4F /* ViewController.m in Sources */ = {isa = PBXBuildFile; fileRef = 43BA24731DF90B4C003E4D4F /* ViewController.m */; };
		43BA24841DF90B4C003E4D4F /* Assets.xcassets in Resources */ = {isa = PBXBuildFile; fileRef = 43BA24741DF90B4C003E4D4F /* Assets.xcassets */; };
		43BA24851DF90B4C003E4D4F /* LaunchScreen.storyboard in Resources */ = {isa = PBXBuildFile; fileRef = 43BA24751DF90B4C003E4D4F /* LaunchScreen.storyboard */; };
		43BA24861DF90B4C003E4D4F /* Main.storyboard in Resources */ = {isa = PBXBuildFile; fileRef = 43BA24771DF90B4C003E4D4F /* Main.storyboard */; };
		43BA24871DF90B4C003E4D4F /* Info.plist in Resources */ = {isa = PBXBuildFile; fileRef = 43BA247B1DF90B4C003E4D4F /* Info.plist */; };
		43BA24881DF90B4C003E4D4F /* main.m in Sources */ = {isa = PBXBuildFile; fileRef = 43BA247C1DF90B4C003E4D4F /* main.m */; };
		700C372A1DF92A2D00FF7E7B /* Newbutton2.m in Sources */ = {isa = PBXBuildFile; fileRef = 700C37291DF92A2D00FF7E7B /* Newbutton2.m */; };
		700C372F1DF92A5C00FF7E7B /* NetWorkManager.m in Sources */ = {isa = PBXBuildFile; fileRef = 700C372C1DF92A5C00FF7E7B /* NetWorkManager.m */; };
		700C37301DF92A5C00FF7E7B /* NetworkManagercn.m in Sources */ = {isa = PBXBuildFile; fileRef = 700C372E1DF92A5C00FF7E7B /* NetworkManagercn.m */; };
		700C37981DF92A9A00FF7E7B /* NewcnButton.m in Sources */ = {isa = PBXBuildFile; fileRef = 700C37321DF92A9A00FF7E7B /* NewcnButton.m */; };
		700C37991DF92A9A00FF7E7B /* GuanzhuViewController.m in Sources */ = {isa = PBXBuildFile; fileRef = 700C37391DF92A9A00FF7E7B /* GuanzhuViewController.m */; };
		700C379A1DF92A9A00FF7E7B /* WodeViewController.m in Sources */ = {isa = PBXBuildFile; fileRef = 700C373B1DF92A9A00FF7E7B /* WodeViewController.m */; };
		700C379B1DF92A9A00FF7E7B /* model1.m in Sources */ = {isa = PBXBuildFile; fileRef = 700C37411DF92A9A00FF7E7B /* model1.m */; };
		700C379C1DF92A9A00FF7E7B /* Model11.m in Sources */ = {isa = PBXBuildFile; fileRef = 700C37431DF92A9A00FF7E7B /* Model11.m */; };
		700C379D1DF92A9A00FF7E7B /* UIView+Category.m in Sources */ = {isa = PBXBuildFile; fileRef = 700C37461DF92A9A00FF7E7B /* UIView+Category.m */; };
		700C379E1DF92A9A00FF7E7B /* Onetableviewcell.m in Sources */ = {isa = PBXBuildFile; fileRef = 700C37491DF92A9A00FF7E7B /* Onetableviewcell.m */; };
		700C379F1DF92A9A00FF7E7B /* Model22.m in Sources */ = {isa = PBXBuildFile; fileRef = 700C374E1DF92A9A00FF7E7B /* Model22.m */; };
		700C37A01DF92A9A00FF7E7B /* SecondTableViewCell.m in Sources */ = {isa = PBXBuildFile; fileRef = 700C37521DF92A9A00FF7E7B /* SecondTableViewCell.m */; };
		700C37A11DF92A9A00FF7E7B /* SecondTableViewCell.xib in Resources */ = {isa = PBXBuildFile; fileRef = 700C37531DF92A9A00FF7E7B /* SecondTableViewCell.xib */; };
		700C37A21DF92A9A00FF7E7B /* TwoTableViewController.m in Sources */ = {isa = PBXBuildFile; fileRef = 700C37561DF92A9A00FF7E7B /* TwoTableViewController.m */; };
		700C37A31DF92A9A00FF7E7B /* model3.m in Sources */ = {isa = PBXBuildFile; fileRef = 700C375A1DF92A9A00FF7E7B /* model3.m */; };
		700C37A41DF92A9A00FF7E7B /* Model33.m in Sources */ = {isa = PBXBuildFile; fileRef = 700C375C1DF92A9A00FF7E7B /* Model33.m */; };
		700C37A51DF92A9A00FF7E7B /* ThirdTableViewCell.m in Sources */ = {isa = PBXBuildFile; fileRef = 700C37601DF92A9A00FF7E7B /* ThirdTableViewCell.m */; };
		700C37A61DF92A9A00FF7E7B /* ThirdTableViewCell.xib in Resources */ = {isa = PBXBuildFile; fileRef = 700C37611DF92A9A00FF7E7B /* ThirdTableViewCell.xib */; };
		700C37A71DF92A9A00FF7E7B /* ThreeTableViewController.m in Sources */ = {isa = PBXBuildFile; fileRef = 700C37641DF92A9A00FF7E7B /* ThreeTableViewController.m */; };
		700C37A81DF92A9A00FF7E7B /* model4.m in Sources */ = {isa = PBXBuildFile; fileRef = 700C37681DF92A9A00FF7E7B /* model4.m */; };
		700C37A91DF92A9A00FF7E7B /* Model44.m in Sources */ = {isa = PBXBuildFile; fileRef = 700C376A1DF92A9A00FF7E7B /* Model44.m */; };
		700C37AA1DF92A9A00FF7E7B /* FouthTableViewCell.m in Sources */ = {isa = PBXBuildFile; fileRef = 700C376E1DF92A9A00FF7E7B /* FouthTableViewCell.m */; };
		700C37AB1DF92A9A00FF7E7B /* FouthTableViewCell.xib in Resources */ = {isa = PBXBuildFile; fileRef = 700C376F1DF92A9A00FF7E7B /* FouthTableViewCell.xib */; };
		700C37AC1DF92A9A00FF7E7B /* FourcnTableViewController.m in Sources */ = {isa = PBXBuildFile; fileRef = 700C37721DF92A9A00FF7E7B /* FourcnTableViewController.m */; };
		700C37AD1DF92A9A00FF7E7B /* LICENSE in Resources */ = {isa = PBXBuildFile; fileRef = 700C37741DF92A9A00FF7E7B /* LICENSE */; };
		700C37AE1DF92A9A00FF7E7B /* README.md in Sources */ = {isa = PBXBuildFile; fileRef = 700C37751DF92A9A00FF7E7B /* README.md */; };
		700C37AF1DF92A9A00FF7E7B /* TAAbstractDotView.m in Sources */ = {isa = PBXBuildFile; fileRef = 700C377B1DF92A9A00FF7E7B /* TAAbstractDotView.m */; };
		700C37B01DF92A9A00FF7E7B /* TAAnimatedDotView.m in Sources */ = {isa = PBXBuildFile; fileRef = 700C377D1DF92A9A00FF7E7B /* TAAnimatedDotView.m */; };
		700C37B11DF92A9A00FF7E7B /* TADotView.m in Sources */ = {isa = PBXBuildFile; fileRef = 700C377F1DF92A9A00FF7E7B /* TADotView.m */; };
		700C37B21DF92A9A00FF7E7B /* TAPageControl.m in Sources */ = {isa = PBXBuildFile; fileRef = 700C37811DF92A9A00FF7E7B /* TAPageControl.m */; };
		700C37B31DF92A9A00FF7E7B /* SDCollectionViewCell.m in Sources */ = {isa = PBXBuildFile; fileRef = 700C37831DF92A9A00FF7E7B /* SDCollectionViewCell.m */; };
		700C37B41DF92A9A00FF7E7B /* SDCycleScrollView.m in Sources */ = {isa = PBXBuildFile; fileRef = 700C37851DF92A9A00FF7E7B /* SDCycleScrollView.m */; };
		700C37B51DF92A9A00FF7E7B /* UIView+SDExtension.m in Sources */ = {isa = PBXBuildFile; fileRef = 700C37871DF92A9A00FF7E7B /* UIView+SDExtension.m */; };
		700C37B61DF92A9A00FF7E7B /* SNmodel.m in Sources */ = {isa = PBXBuildFile; fileRef = 700C37891DF92A9A00FF7E7B /* SNmodel.m */; };
		700C37B71DF92A9A00FF7E7B /* Super1TableViewController.m in Sources */ = {isa = PBXBuildFile; fileRef = 700C378B1DF92A9A00FF7E7B /* Super1TableViewController.m */; };
		700C37B81DF92A9A00FF7E7B /* SupercnTableViewCell.m in Sources */ = {isa = PBXBuildFile; fileRef = 700C378D1DF92A9A00FF7E7B /* SupercnTableViewCell.m */; };
		700C37B91DF92A9A00FF7E7B /* SupercnTableViewCell.xib in Resources */ = {isa = PBXBuildFile; fileRef = 700C378E1DF92A9A00FF7E7B /* SupercnTableViewCell.xib */; };
		700C37BA1DF92A9A00FF7E7B /* SupercnViewController.m in Sources */ = {isa = PBXBuildFile; fileRef = 700C37901DF92A9A00FF7E7B /* SupercnViewController.m */; };
		700C37BB1DF92A9A00FF7E7B /* Supermodel.m in Sources */ = {isa = PBXBuildFile; fileRef = 700C37921DF92A9A00FF7E7B /* Supermodel.m */; };
		700C37BC1DF92A9A00FF7E7B /* SuperModel2.m in Sources */ = {isa = PBXBuildFile; fileRef = 700C37941DF92A9A00FF7E7B /* SuperModel2.m */; };
		700C37BD1DF92A9A00FF7E7B /* TabbarcnViewController.m in Sources */ = {isa = PBXBuildFile; fileRef = 700C37961DF92A9A00FF7E7B /* TabbarcnViewController.m */; };
		700C37C01DF92AAB00FF7E7B /* XuanzhongViewController.m in Sources */ = {isa = PBXBuildFile; fileRef = 700C37BF1DF92AAB00FF7E7B /* XuanzhongViewController.m */; };
/* End PBXBuildFile section */

/* Begin PBXContainerItemProxy section */
		43BA24521DF90A3A003E4D4F /* PBXContainerItemProxy */ = {
			isa = PBXContainerItemProxy;
			containerPortal = 43BA24301DF90A39003E4D4F /* Project object */;
			proxyType = 1;
			remoteGlobalIDString = 43BA24371DF90A3A003E4D4F;
			remoteInfo = cor;
		};
		43BA245D1DF90A3A003E4D4F /* PBXContainerItemProxy */ = {
			isa = PBXContainerItemProxy;
			containerPortal = 43BA24301DF90A39003E4D4F /* Project object */;
			proxyType = 1;
			remoteGlobalIDString = 43BA24371DF90A3A003E4D4F;
			remoteInfo = cor;
		};
/* End PBXContainerItemProxy section */

/* Begin PBXFileReference section */
		1672A0F81DF93538002A791D /* 1.1.png */ = {isa = PBXFileReference; lastKnownFileType = image.png; path = 1.1.png; sourceTree = "<group>"; };
		1672A0F91DF93538002A791D /* 1.2.png */ = {isa = PBXFileReference; lastKnownFileType = image.png; path = 1.2.png; sourceTree = "<group>"; };
		1672A0FA1DF93538002A791D /* 1.3.png */ = {isa = PBXFileReference; lastKnownFileType = image.png; path = 1.3.png; sourceTree = "<group>"; };
		1672A0FB1DF93538002A791D /* 1.4.png */ = {isa = PBXFileReference; lastKnownFileType = image.png; path = 1.4.png; sourceTree = "<group>"; };
		1672A0FC1DF93538002A791D /* 1.5.png */ = {isa = PBXFileReference; lastKnownFileType = image.png; path = 1.5.png; sourceTree = "<group>"; };
		1672A0FD1DF93538002A791D /* shangchuan.png */ = {isa = PBXFileReference; lastKnownFileType = image.png; path = shangchuan.png; sourceTree = "<group>"; };
		1672A0FE1DF93538002A791D /* xian.png */ = {isa = PBXFileReference; lastKnownFileType = image.png; path = xian.png; sourceTree = "<group>"; };
		1672A0FF1DF93538002A791D /* zuoshangjiao.png */ = {isa = PBXFileReference; lastKnownFileType = image.png; path = zuoshangjiao.png; sourceTree = "<group>"; };
		1672A1001DF93538002A791D /* 下侧.png */ = {isa = PBXFileReference; lastKnownFileType = image.png; path = "下侧.png"; sourceTree = "<group>"; };
		1672A1011DF93538002A791D /* 增加的.png */ = {isa = PBXFileReference; lastKnownFileType = image.png; path = "增加的.png"; sourceTree = "<group>"; };
		1672A1021DF93538002A791D /* 常见问题.png */ = {isa = PBXFileReference; lastKnownFileType = image.png; path = "常见问题.png"; sourceTree = "<group>"; };
		1672A1031DF93538002A791D /* 按钮图片.png */ = {isa = PBXFileReference; lastKnownFileType = image.png; path = "按钮图片.png"; sourceTree = "<group>"; };
		1672A1041DF93538002A791D /* 照片.png */ = {isa = PBXFileReference; lastKnownFileType = image.png; path = "照片.png"; sourceTree = "<group>"; };
		1672A1051DF93538002A791D /* 登录中间的图片.png */ = {isa = PBXFileReference; lastKnownFileType = image.png; path = "登录中间的图片.png"; sourceTree = "<group>"; };
		1672A1061DF93538002A791D /* 背景图片.png */ = {isa = PBXFileReference; lastKnownFileType = image.png; path = "背景图片.png"; sourceTree = "<group>"; };
		1672A1071DF93538002A791D /* 表尾.png */ = {isa = PBXFileReference; lastKnownFileType = image.png; path = "表尾.png"; sourceTree = "<group>"; };
		1672A1081DF93538002A791D /* 返回.png */ = {isa = PBXFileReference; lastKnownFileType = image.png; path = "返回.png"; sourceTree = "<group>"; };
		1672A1091DF93539002A791D /* 返回1.png */ = {isa = PBXFileReference; lastKnownFileType = image.png; path = "返回1.png"; sourceTree = "<group>"; };
		1672A10B1DF93539002A791D /* DengLuViewController.h */ = {isa = PBXFileReference; fileEncoding = 4; lastKnownFileType = sourcecode.c.h; path = DengLuViewController.h; sourceTree = "<group>"; };
		1672A10C1DF93539002A791D /* DengLuViewController.m */ = {isa = PBXFileReference; fileEncoding = 4; lastKnownFileType = sourcecode.c.objc; path = DengLuViewController.m; sourceTree = "<group>"; };
		1672A10D1DF93539002A791D /* GUANKANTableViewCell.h */ = {isa = PBXFileReference; fileEncoding = 4; lastKnownFileType = sourcecode.c.h; path = GUANKANTableViewCell.h; sourceTree = "<group>"; };
		1672A10E1DF93539002A791D /* GUANKANTableViewCell.m */ = {isa = PBXFileReference; fileEncoding = 4; lastKnownFileType = sourcecode.c.objc; path = GUANKANTableViewCell.m; sourceTree = "<group>"; };
		1672A10F1DF93539002A791D /* GUANKANTableViewCell.xib */ = {isa = PBXFileReference; fileEncoding = 4; lastKnownFileType = file.xib; path = GUANKANTableViewCell.xib; sourceTree = "<group>"; };
		1672A1101DF93539002A791D /* GUANKANViewController.h */ = {isa = PBXFileReference; fileEncoding = 4; lastKnownFileType = sourcecode.c.h; path = GUANKANViewController.h; sourceTree = "<group>"; };
		1672A1111DF93539002A791D /* GUANKANViewController.m */ = {isa = PBXFileReference; fileEncoding = 4; lastKnownFileType = sourcecode.c.objc; path = GUANKANViewController.m; sourceTree = "<group>"; };
		1672A1121DF93539002A791D /* QUDENGLUViewController.h */ = {isa = PBXFileReference; fileEncoding = 4; lastKnownFileType = sourcecode.c.h; path = QUDENGLUViewController.h; sourceTree = "<group>"; };
		1672A1131DF93539002A791D /* QUDENGLUViewController.m */ = {isa = PBXFileReference; fileEncoding = 4; lastKnownFileType = sourcecode.c.objc; path = QUDENGLUViewController.m; sourceTree = "<group>"; };
		1672A1141DF93539002A791D /* SheZhiViewController.h */ = {isa = PBXFileReference; fileEncoding = 4; lastKnownFileType = sourcecode.c.h; path = SheZhiViewController.h; sourceTree = "<group>"; };
		1672A1151DF93539002A791D /* SheZhiViewController.m */ = {isa = PBXFileReference; fileEncoding = 4; lastKnownFileType = sourcecode.c.objc; path = SheZhiViewController.m; sourceTree = "<group>"; };
		1672A1161DF93539002A791D /* WOViewController.h */ = {isa = PBXFileReference; fileEncoding = 4; lastKnownFileType = sourcecode.c.h; path = WOViewController.h; sourceTree = "<group>"; };
		1672A1171DF93539002A791D /* WOViewController.m */ = {isa = PBXFileReference; fileEncoding = 4; lastKnownFileType = sourcecode.c.objc; path = WOViewController.m; sourceTree = "<group>"; };
		1672A1181DF93539002A791D /* XiaCeButtonViewController.h */ = {isa = PBXFileReference; fileEncoding = 4; lastKnownFileType = sourcecode.c.h; path = XiaCeButtonViewController.h; sourceTree = "<group>"; };
		1672A1191DF93539002A791D /* XiaCeButtonViewController.m */ = {isa = PBXFileReference; fileEncoding = 4; lastKnownFileType = sourcecode.c.objc; path = XiaCeButtonViewController.m; sourceTree = "<group>"; };
		1672A11A1DF93539002A791D /* XIHUANViewController.h */ = {isa = PBXFileReference; fileEncoding = 4; lastKnownFileType = sourcecode.c.h; path = XIHUANViewController.h; sourceTree = "<group>"; };
		1672A11B1DF93539002A791D /* XIHUANViewController.m */ = {isa = PBXFileReference; fileEncoding = 4; lastKnownFileType = sourcecode.c.objc; path = XIHUANViewController.m; sourceTree = "<group>"; };
		1672A11C1DF93539002A791D /* YiJianViewController.h */ = {isa = PBXFileReference; fileEncoding = 4; lastKnownFileType = sourcecode.c.h; path = YiJianViewController.h; sourceTree = "<group>"; };
		1672A11D1DF93539002A791D /* YiJianViewController.m */ = {isa = PBXFileReference; fileEncoding = 4; lastKnownFileType = sourcecode.c.objc; path = YiJianViewController.m; sourceTree = "<group>"; };
		1672A11F1DF93539002A791D /* Model.h */ = {isa = PBXFileReference; fileEncoding = 4; lastKnownFileType = sourcecode.c.h; path = Model.h; sourceTree = "<group>"; };
		1672A1201DF93539002A791D /* Model.m */ = {isa = PBXFileReference; fileEncoding = 4; lastKnownFileType = sourcecode.c.objc; path = Model.m; sourceTree = "<group>"; };
		1672A1211DF93539002A791D /* UIButton+countDown.h */ = {isa = PBXFileReference; fileEncoding = 4; lastKnownFileType = sourcecode.c.h; path = "UIButton+countDown.h"; sourceTree = "<group>"; };
		1672A1221DF93539002A791D /* UIButton+countDown.m */ = {isa = PBXFileReference; fileEncoding = 4; lastKnownFileType = sourcecode.c.objc; path = "UIButton+countDown.m"; sourceTree = "<group>"; };
		1672A1241DF93539002A791D /* ButtonView.h */ = {isa = PBXFileReference; fileEncoding = 4; lastKnownFileType = sourcecode.c.h; path = ButtonView.h; sourceTree = "<group>"; };
		1672A1251DF93539002A791D /* ButtonView.m */ = {isa = PBXFileReference; fileEncoding = 4; lastKnownFileType = sourcecode.c.objc; path = ButtonView.m; sourceTree = "<group>"; };
		1672A1261DF93539002A791D /* WOTableViewCell.h */ = {isa = PBXFileReference; fileEncoding = 4; lastKnownFileType = sourcecode.c.h; path = WOTableViewCell.h; sourceTree = "<group>"; };
		1672A1271DF93539002A791D /* WOTableViewCell.m */ = {isa = PBXFileReference; fileEncoding = 4; lastKnownFileType = sourcecode.c.objc; path = WOTableViewCell.m; sourceTree = "<group>"; };
		1672A1281DF93539002A791D /* WOTableViewCell.xib */ = {isa = PBXFileReference; fileEncoding = 4; lastKnownFileType = file.xib; path = WOTableViewCell.xib; sourceTree = "<group>"; };
		1672A1291DF93539002A791D /* YIJIANTableViewCell.h */ = {isa = PBXFileReference; fileEncoding = 4; lastKnownFileType = sourcecode.c.h; path = YIJIANTableViewCell.h; sourceTree = "<group>"; };
		1672A12A1DF93539002A791D /* YIJIANTableViewCell.m */ = {isa = PBXFileReference; fileEncoding = 4; lastKnownFileType = sourcecode.c.objc; path = YIJIANTableViewCell.m; sourceTree = "<group>"; };
		1672A12B1DF93539002A791D /* YIJIANTableViewCell.xib */ = {isa = PBXFileReference; fileEncoding = 4; lastKnownFileType = file.xib; path = YIJIANTableViewCell.xib; sourceTree = "<group>"; };
		1672A14F1DF93AD0002A791D /* 1.png */ = {isa = PBXFileReference; lastKnownFileType = image.png; path = 1.png; sourceTree = "<group>"; };
		1CA936CEBADAB7DDB0F0A03E /* libPods-cor.a */ = {isa = PBXFileReference; explicitFileType = archive.ar; includeInIndex = 0; path = "libPods-cor.a"; sourceTree = BUILT_PRODUCTS_DIR; };
		2C63E0A1F5E9B66EE1E7540D /* Pods-cor.release.xcconfig */ = {isa = PBXFileReference; includeInIndex = 1; lastKnownFileType = text.xcconfig; name = "Pods-cor.release.xcconfig"; path = "Pods/Target Support Files/Pods-cor/Pods-cor.release.xcconfig"; sourceTree = "<group>"; };
		43BA24381DF90A3A003E4D4F /* cor.app */ = {isa = PBXFileReference; explicitFileType = wrapper.application; includeInIndex = 0; path = cor.app; sourceTree = BUILT_PRODUCTS_DIR; };
		43BA24511DF90A3A003E4D4F /* corTests.xctest */ = {isa = PBXFileReference; explicitFileType = wrapper.cfbundle; includeInIndex = 0; path = corTests.xctest; sourceTree = BUILT_PRODUCTS_DIR; };
		43BA24551DF90A3A003E4D4F /* corTests.m */ = {isa = PBXFileReference; lastKnownFileType = sourcecode.c.objc; path = corTests.m; sourceTree = "<group>"; };
		43BA24571DF90A3A003E4D4F /* Info.plist */ = {isa = PBXFileReference; lastKnownFileType = text.plist.xml; path = Info.plist; sourceTree = "<group>"; };
		43BA245C1DF90A3A003E4D4F /* corUITests.xctest */ = {isa = PBXFileReference; explicitFileType = wrapper.cfbundle; includeInIndex = 0; path = corUITests.xctest; sourceTree = BUILT_PRODUCTS_DIR; };
		43BA24601DF90A3A003E4D4F /* corUITests.m */ = {isa = PBXFileReference; lastKnownFileType = sourcecode.c.objc; path = corUITests.m; sourceTree = "<group>"; };
		43BA24621DF90A3A003E4D4F /* Info.plist */ = {isa = PBXFileReference; lastKnownFileType = text.plist.xml; path = Info.plist; sourceTree = "<group>"; };
		43BA24701DF90B4C003E4D4F /* AppDelegate.h */ = {isa = PBXFileReference; fileEncoding = 4; lastKnownFileType = sourcecode.c.h; path = AppDelegate.h; sourceTree = "<group>"; };
		43BA24711DF90B4C003E4D4F /* AppDelegate.m */ = {isa = PBXFileReference; fileEncoding = 4; lastKnownFileType = sourcecode.c.objc; path = AppDelegate.m; sourceTree = "<group>"; };
		43BA24721DF90B4C003E4D4F /* ViewController.h */ = {isa = PBXFileReference; fileEncoding = 4; lastKnownFileType = sourcecode.c.h; path = ViewController.h; sourceTree = "<group>"; };
		43BA24731DF90B4C003E4D4F /* ViewController.m */ = {isa = PBXFileReference; fileEncoding = 4; lastKnownFileType = sourcecode.c.objc; path = ViewController.m; sourceTree = "<group>"; };
		43BA24741DF90B4C003E4D4F /* Assets.xcassets */ = {isa = PBXFileReference; lastKnownFileType = folder.assetcatalog; path = Assets.xcassets; sourceTree = "<group>"; };
		43BA24761DF90B4C003E4D4F /* Base */ = {isa = PBXFileReference; lastKnownFileType = file.storyboard; name = Base; path = Base.lproj/LaunchScreen.storyboard; sourceTree = "<group>"; };
		43BA24781DF90B4C003E4D4F /* Base */ = {isa = PBXFileReference; lastKnownFileType = file.storyboard; name = Base; path = Base.lproj/Main.storyboard; sourceTree = "<group>"; };
		43BA247B1DF90B4C003E4D4F /* Info.plist */ = {isa = PBXFileReference; fileEncoding = 4; lastKnownFileType = text.plist.xml; path = Info.plist; sourceTree = "<group>"; };
		43BA247C1DF90B4C003E4D4F /* main.m */ = {isa = PBXFileReference; fileEncoding = 4; lastKnownFileType = sourcecode.c.objc; path = main.m; sourceTree = "<group>"; };
		700C37281DF92A2D00FF7E7B /* Newbutton2.h */ = {isa = PBXFileReference; fileEncoding = 4; lastKnownFileType = sourcecode.c.h; name = Newbutton2.h; path = cor/APPDelegate/Newbutton2.h; sourceTree = SOURCE_ROOT; };
		700C37291DF92A2D00FF7E7B /* Newbutton2.m */ = {isa = PBXFileReference; fileEncoding = 4; lastKnownFileType = sourcecode.c.objc; name = Newbutton2.m; path = cor/APPDelegate/Newbutton2.m; sourceTree = SOURCE_ROOT; };
		700C372B1DF92A5C00FF7E7B /* NetWorkManager.h */ = {isa = PBXFileReference; fileEncoding = 4; lastKnownFileType = sourcecode.c.h; name = NetWorkManager.h; path = cor/APPDelegate/NetWorkManager.h; sourceTree = SOURCE_ROOT; };
		700C372C1DF92A5C00FF7E7B /* NetWorkManager.m */ = {isa = PBXFileReference; fileEncoding = 4; lastKnownFileType = sourcecode.c.objc; name = NetWorkManager.m; path = cor/APPDelegate/NetWorkManager.m; sourceTree = SOURCE_ROOT; };
		700C372D1DF92A5C00FF7E7B /* NetworkManagercn.h */ = {isa = PBXFileReference; fileEncoding = 4; lastKnownFileType = sourcecode.c.h; name = NetworkManagercn.h; path = cor/APPDelegate/NetworkManagercn.h; sourceTree = SOURCE_ROOT; };
		700C372E1DF92A5C00FF7E7B /* NetworkManagercn.m */ = {isa = PBXFileReference; fileEncoding = 4; lastKnownFileType = sourcecode.c.objc; name = NetworkManagercn.m; path = cor/APPDelegate/NetworkManagercn.m; sourceTree = SOURCE_ROOT; };
		700C37311DF92A9A00FF7E7B /* NewcnButton.h */ = {isa = PBXFileReference; fileEncoding = 4; lastKnownFileType = sourcecode.c.h; name = NewcnButton.h; path = cor/APPDelegate/NewcnButton.h; sourceTree = SOURCE_ROOT; };
		700C37321DF92A9A00FF7E7B /* NewcnButton.m */ = {isa = PBXFileReference; fileEncoding = 4; lastKnownFileType = sourcecode.c.objc; name = NewcnButton.m; path = cor/APPDelegate/NewcnButton.m; sourceTree = SOURCE_ROOT; };
		700C37381DF92A9A00FF7E7B /* GuanzhuViewController.h */ = {isa = PBXFileReference; fileEncoding = 4; lastKnownFileType = sourcecode.c.h; path = GuanzhuViewController.h; sourceTree = "<group>"; };
		700C37391DF92A9A00FF7E7B /* GuanzhuViewController.m */ = {isa = PBXFileReference; fileEncoding = 4; lastKnownFileType = sourcecode.c.objc; path = GuanzhuViewController.m; sourceTree = "<group>"; };
		700C373A1DF92A9A00FF7E7B /* WodeViewController.h */ = {isa = PBXFileReference; fileEncoding = 4; lastKnownFileType = sourcecode.c.h; path = WodeViewController.h; sourceTree = "<group>"; };
		700C373B1DF92A9A00FF7E7B /* WodeViewController.m */ = {isa = PBXFileReference; fileEncoding = 4; lastKnownFileType = sourcecode.c.objc; path = WodeViewController.m; sourceTree = "<group>"; };
		700C37401DF92A9A00FF7E7B /* model1.h */ = {isa = PBXFileReference; fileEncoding = 4; lastKnownFileType = sourcecode.c.h; path = model1.h; sourceTree = "<group>"; };
		700C37411DF92A9A00FF7E7B /* model1.m */ = {isa = PBXFileReference; fileEncoding = 4; lastKnownFileType = sourcecode.c.objc; path = model1.m; sourceTree = "<group>"; };
		700C37421DF92A9A00FF7E7B /* Model11.h */ = {isa = PBXFileReference; fileEncoding = 4; lastKnownFileType = sourcecode.c.h; path = Model11.h; sourceTree = "<group>"; };
		700C37431DF92A9A00FF7E7B /* Model11.m */ = {isa = PBXFileReference; fileEncoding = 4; lastKnownFileType = sourcecode.c.objc; path = Model11.m; sourceTree = "<group>"; };
		700C37451DF92A9A00FF7E7B /* UIView+Category.h */ = {isa = PBXFileReference; fileEncoding = 4; lastKnownFileType = sourcecode.c.h; path = "UIView+Category.h"; sourceTree = "<group>"; };
		700C37461DF92A9A00FF7E7B /* UIView+Category.m */ = {isa = PBXFileReference; fileEncoding = 4; lastKnownFileType = sourcecode.c.objc; path = "UIView+Category.m"; sourceTree = "<group>"; };
		700C37481DF92A9A00FF7E7B /* Onetableviewcell.h */ = {isa = PBXFileReference; fileEncoding = 4; lastKnownFileType = sourcecode.c.h; path = Onetableviewcell.h; sourceTree = "<group>"; };
		700C37491DF92A9A00FF7E7B /* Onetableviewcell.m */ = {isa = PBXFileReference; fileEncoding = 4; lastKnownFileType = sourcecode.c.objc; path = Onetableviewcell.m; sourceTree = "<group>"; };
		700C374D1DF92A9A00FF7E7B /* Model22.h */ = {isa = PBXFileReference; fileEncoding = 4; lastKnownFileType = sourcecode.c.h; path = Model22.h; sourceTree = "<group>"; };
		700C374E1DF92A9A00FF7E7B /* Model22.m */ = {isa = PBXFileReference; fileEncoding = 4; lastKnownFileType = sourcecode.c.objc; path = Model22.m; sourceTree = "<group>"; };
		700C37511DF92A9A00FF7E7B /* SecondTableViewCell.h */ = {isa = PBXFileReference; fileEncoding = 4; lastKnownFileType = sourcecode.c.h; path = SecondTableViewCell.h; sourceTree = "<group>"; };
		700C37521DF92A9A00FF7E7B /* SecondTableViewCell.m */ = {isa = PBXFileReference; fileEncoding = 4; lastKnownFileType = sourcecode.c.objc; path = SecondTableViewCell.m; sourceTree = "<group>"; };
		700C37531DF92A9A00FF7E7B /* SecondTableViewCell.xib */ = {isa = PBXFileReference; fileEncoding = 4; lastKnownFileType = file.xib; path = SecondTableViewCell.xib; sourceTree = "<group>"; };
		700C37551DF92A9A00FF7E7B /* TwoTableViewController.h */ = {isa = PBXFileReference; fileEncoding = 4; lastKnownFileType = sourcecode.c.h; path = TwoTableViewController.h; sourceTree = "<group>"; };
		700C37561DF92A9A00FF7E7B /* TwoTableViewController.m */ = {isa = PBXFileReference; fileEncoding = 4; lastKnownFileType = sourcecode.c.objc; path = TwoTableViewController.m; sourceTree = "<group>"; };
		700C37591DF92A9A00FF7E7B /* model3.h */ = {isa = PBXFileReference; fileEncoding = 4; lastKnownFileType = sourcecode.c.h; path = model3.h; sourceTree = "<group>"; };
		700C375A1DF92A9A00FF7E7B /* model3.m */ = {isa = PBXFileReference; fileEncoding = 4; lastKnownFileType = sourcecode.c.objc; path = model3.m; sourceTree = "<group>"; };
		700C375B1DF92A9A00FF7E7B /* Model33.h */ = {isa = PBXFileReference; fileEncoding = 4; lastKnownFileType = sourcecode.c.h; path = Model33.h; sourceTree = "<group>"; };
		700C375C1DF92A9A00FF7E7B /* Model33.m */ = {isa = PBXFileReference; fileEncoding = 4; lastKnownFileType = sourcecode.c.objc; path = Model33.m; sourceTree = "<group>"; };
		700C375F1DF92A9A00FF7E7B /* ThirdTableViewCell.h */ = {isa = PBXFileReference; fileEncoding = 4; lastKnownFileType = sourcecode.c.h; path = ThirdTableViewCell.h; sourceTree = "<group>"; };
		700C37601DF92A9A00FF7E7B /* ThirdTableViewCell.m */ = {isa = PBXFileReference; fileEncoding = 4; lastKnownFileType = sourcecode.c.objc; path = ThirdTableViewCell.m; sourceTree = "<group>"; };
		700C37611DF92A9A00FF7E7B /* ThirdTableViewCell.xib */ = {isa = PBXFileReference; fileEncoding = 4; lastKnownFileType = file.xib; path = ThirdTableViewCell.xib; sourceTree = "<group>"; };
		700C37631DF92A9A00FF7E7B /* ThreeTableViewController.h */ = {isa = PBXFileReference; fileEncoding = 4; lastKnownFileType = sourcecode.c.h; path = ThreeTableViewController.h; sourceTree = "<group>"; };
		700C37641DF92A9A00FF7E7B /* ThreeTableViewController.m */ = {isa = PBXFileReference; fileEncoding = 4; lastKnownFileType = sourcecode.c.objc; path = ThreeTableViewController.m; sourceTree = "<group>"; };
		700C37671DF92A9A00FF7E7B /* model4.h */ = {isa = PBXFileReference; fileEncoding = 4; lastKnownFileType = sourcecode.c.h; path = model4.h; sourceTree = "<group>"; };
		700C37681DF92A9A00FF7E7B /* model4.m */ = {isa = PBXFileReference; fileEncoding = 4; lastKnownFileType = sourcecode.c.objc; path = model4.m; sourceTree = "<group>"; };
		700C37691DF92A9A00FF7E7B /* Model44.h */ = {isa = PBXFileReference; fileEncoding = 4; lastKnownFileType = sourcecode.c.h; path = Model44.h; sourceTree = "<group>"; };
		700C376A1DF92A9A00FF7E7B /* Model44.m */ = {isa = PBXFileReference; fileEncoding = 4; lastKnownFileType = sourcecode.c.objc; path = Model44.m; sourceTree = "<group>"; };
		700C376D1DF92A9A00FF7E7B /* FouthTableViewCell.h */ = {isa = PBXFileReference; fileEncoding = 4; lastKnownFileType = sourcecode.c.h; path = FouthTableViewCell.h; sourceTree = "<group>"; };
		700C376E1DF92A9A00FF7E7B /* FouthTableViewCell.m */ = {isa = PBXFileReference; fileEncoding = 4; lastKnownFileType = sourcecode.c.objc; path = FouthTableViewCell.m; sourceTree = "<group>"; };
		700C376F1DF92A9A00FF7E7B /* FouthTableViewCell.xib */ = {isa = PBXFileReference; fileEncoding = 4; lastKnownFileType = file.xib; path = FouthTableViewCell.xib; sourceTree = "<group>"; };
		700C37711DF92A9A00FF7E7B /* FourcnTableViewController.h */ = {isa = PBXFileReference; fileEncoding = 4; lastKnownFileType = sourcecode.c.h; path = FourcnTableViewController.h; sourceTree = "<group>"; };
		700C37721DF92A9A00FF7E7B /* FourcnTableViewController.m */ = {isa = PBXFileReference; fileEncoding = 4; lastKnownFileType = sourcecode.c.objc; path = FourcnTableViewController.m; sourceTree = "<group>"; };
		700C37741DF92A9A00FF7E7B /* LICENSE */ = {isa = PBXFileReference; fileEncoding = 4; lastKnownFileType = text; path = LICENSE; sourceTree = "<group>"; };
		700C37751DF92A9A00FF7E7B /* README.md */ = {isa = PBXFileReference; fileEncoding = 4; lastKnownFileType = net.daringfireball.markdown; path = README.md; sourceTree = "<group>"; };
		700C377A1DF92A9A00FF7E7B /* TAAbstractDotView.h */ = {isa = PBXFileReference; fileEncoding = 4; lastKnownFileType = sourcecode.c.h; path = TAAbstractDotView.h; sourceTree = "<group>"; };
		700C377B1DF92A9A00FF7E7B /* TAAbstractDotView.m */ = {isa = PBXFileReference; fileEncoding = 4; lastKnownFileType = sourcecode.c.objc; path = TAAbstractDotView.m; sourceTree = "<group>"; };
		700C377C1DF92A9A00FF7E7B /* TAAnimatedDotView.h */ = {isa = PBXFileReference; fileEncoding = 4; lastKnownFileType = sourcecode.c.h; path = TAAnimatedDotView.h; sourceTree = "<group>"; };
		700C377D1DF92A9A00FF7E7B /* TAAnimatedDotView.m */ = {isa = PBXFileReference; fileEncoding = 4; lastKnownFileType = sourcecode.c.objc; path = TAAnimatedDotView.m; sourceTree = "<group>"; };
		700C377E1DF92A9A00FF7E7B /* TADotView.h */ = {isa = PBXFileReference; fileEncoding = 4; lastKnownFileType = sourcecode.c.h; path = TADotView.h; sourceTree = "<group>"; };
		700C377F1DF92A9A00FF7E7B /* TADotView.m */ = {isa = PBXFileReference; fileEncoding = 4; lastKnownFileType = sourcecode.c.objc; path = TADotView.m; sourceTree = "<group>"; };
		700C37801DF92A9A00FF7E7B /* TAPageControl.h */ = {isa = PBXFileReference; fileEncoding = 4; lastKnownFileType = sourcecode.c.h; path = TAPageControl.h; sourceTree = "<group>"; };
		700C37811DF92A9A00FF7E7B /* TAPageControl.m */ = {isa = PBXFileReference; fileEncoding = 4; lastKnownFileType = sourcecode.c.objc; path = TAPageControl.m; sourceTree = "<group>"; };
		700C37821DF92A9A00FF7E7B /* SDCollectionViewCell.h */ = {isa = PBXFileReference; fileEncoding = 4; lastKnownFileType = sourcecode.c.h; path = SDCollectionViewCell.h; sourceTree = "<group>"; };
		700C37831DF92A9A00FF7E7B /* SDCollectionViewCell.m */ = {isa = PBXFileReference; fileEncoding = 4; lastKnownFileType = sourcecode.c.objc; path = SDCollectionViewCell.m; sourceTree = "<group>"; };
		700C37841DF92A9A00FF7E7B /* SDCycleScrollView.h */ = {isa = PBXFileReference; fileEncoding = 4; lastKnownFileType = sourcecode.c.h; path = SDCycleScrollView.h; sourceTree = "<group>"; };
		700C37851DF92A9A00FF7E7B /* SDCycleScrollView.m */ = {isa = PBXFileReference; fileEncoding = 4; lastKnownFileType = sourcecode.c.objc; path = SDCycleScrollView.m; sourceTree = "<group>"; };
		700C37861DF92A9A00FF7E7B /* UIView+SDExtension.h */ = {isa = PBXFileReference; fileEncoding = 4; lastKnownFileType = sourcecode.c.h; path = "UIView+SDExtension.h"; sourceTree = "<group>"; };
		700C37871DF92A9A00FF7E7B /* UIView+SDExtension.m */ = {isa = PBXFileReference; fileEncoding = 4; lastKnownFileType = sourcecode.c.objc; path = "UIView+SDExtension.m"; sourceTree = "<group>"; };
		700C37881DF92A9A00FF7E7B /* SNmodel.h */ = {isa = PBXFileReference; fileEncoding = 4; lastKnownFileType = sourcecode.c.h; name = SNmodel.h; path = cor/APPDelegate/SNmodel.h; sourceTree = SOURCE_ROOT; };
		700C37891DF92A9A00FF7E7B /* SNmodel.m */ = {isa = PBXFileReference; fileEncoding = 4; lastKnownFileType = sourcecode.c.objc; name = SNmodel.m; path = cor/APPDelegate/SNmodel.m; sourceTree = SOURCE_ROOT; };
		700C378A1DF92A9A00FF7E7B /* Super1TableViewController.h */ = {isa = PBXFileReference; fileEncoding = 4; lastKnownFileType = sourcecode.c.h; name = Super1TableViewController.h; path = cor/APPDelegate/Super1TableViewController.h; sourceTree = SOURCE_ROOT; };
		700C378B1DF92A9A00FF7E7B /* Super1TableViewController.m */ = {isa = PBXFileReference; fileEncoding = 4; lastKnownFileType = sourcecode.c.objc; name = Super1TableViewController.m; path = cor/APPDelegate/Super1TableViewController.m; sourceTree = SOURCE_ROOT; };
		700C378C1DF92A9A00FF7E7B /* SupercnTableViewCell.h */ = {isa = PBXFileReference; fileEncoding = 4; lastKnownFileType = sourcecode.c.h; name = SupercnTableViewCell.h; path = cor/APPDelegate/SupercnTableViewCell.h; sourceTree = SOURCE_ROOT; };
		700C378D1DF92A9A00FF7E7B /* SupercnTableViewCell.m */ = {isa = PBXFileReference; fileEncoding = 4; lastKnownFileType = sourcecode.c.objc; name = SupercnTableViewCell.m; path = cor/APPDelegate/SupercnTableViewCell.m; sourceTree = SOURCE_ROOT; };
		700C378E1DF92A9A00FF7E7B /* SupercnTableViewCell.xib */ = {isa = PBXFileReference; fileEncoding = 4; lastKnownFileType = file.xib; name = SupercnTableViewCell.xib; path = cor/APPDelegate/SupercnTableViewCell.xib; sourceTree = SOURCE_ROOT; };
		700C378F1DF92A9A00FF7E7B /* SupercnViewController.h */ = {isa = PBXFileReference; fileEncoding = 4; lastKnownFileType = sourcecode.c.h; name = SupercnViewController.h; path = cor/APPDelegate/SupercnViewController.h; sourceTree = SOURCE_ROOT; };
		700C37901DF92A9A00FF7E7B /* SupercnViewController.m */ = {isa = PBXFileReference; fileEncoding = 4; lastKnownFileType = sourcecode.c.objc; name = SupercnViewController.m; path = cor/APPDelegate/SupercnViewController.m; sourceTree = SOURCE_ROOT; };
		700C37911DF92A9A00FF7E7B /* Supermodel.h */ = {isa = PBXFileReference; fileEncoding = 4; lastKnownFileType = sourcecode.c.h; name = Supermodel.h; path = cor/APPDelegate/Supermodel.h; sourceTree = SOURCE_ROOT; };
		700C37921DF92A9A00FF7E7B /* Supermodel.m */ = {isa = PBXFileReference; fileEncoding = 4; lastKnownFileType = sourcecode.c.objc; name = Supermodel.m; path = cor/APPDelegate/Supermodel.m; sourceTree = SOURCE_ROOT; };
		700C37931DF92A9A00FF7E7B /* SuperModel2.h */ = {isa = PBXFileReference; fileEncoding = 4; lastKnownFileType = sourcecode.c.h; name = SuperModel2.h; path = cor/APPDelegate/SuperModel2.h; sourceTree = SOURCE_ROOT; };
		700C37941DF92A9A00FF7E7B /* SuperModel2.m */ = {isa = PBXFileReference; fileEncoding = 4; lastKnownFileType = sourcecode.c.objc; name = SuperModel2.m; path = cor/APPDelegate/SuperModel2.m; sourceTree = SOURCE_ROOT; };
		700C37951DF92A9A00FF7E7B /* TabbarcnViewController.h */ = {isa = PBXFileReference; fileEncoding = 4; lastKnownFileType = sourcecode.c.h; name = TabbarcnViewController.h; path = cor/APPDelegate/TabbarcnViewController.h; sourceTree = SOURCE_ROOT; };
		700C37961DF92A9A00FF7E7B /* TabbarcnViewController.m */ = {isa = PBXFileReference; fileEncoding = 4; lastKnownFileType = sourcecode.c.objc; name = TabbarcnViewController.m; path = cor/APPDelegate/TabbarcnViewController.m; sourceTree = SOURCE_ROOT; };
		700C37971DF92A9A00FF7E7B /* Url.h */ = {isa = PBXFileReference; fileEncoding = 4; lastKnownFileType = sourcecode.c.h; name = Url.h; path = cor/APPDelegate/Url.h; sourceTree = SOURCE_ROOT; };
		700C37BE1DF92AAB00FF7E7B /* XuanzhongViewController.h */ = {isa = PBXFileReference; fileEncoding = 4; lastKnownFileType = sourcecode.c.h; name = XuanzhongViewController.h; path = cor/APPDelegate/XuanzhongViewController.h; sourceTree = SOURCE_ROOT; };
		700C37BF1DF92AAB00FF7E7B /* XuanzhongViewController.m */ = {isa = PBXFileReference; fileEncoding = 4; lastKnownFileType = sourcecode.c.objc; name = XuanzhongViewController.m; path = cor/APPDelegate/XuanzhongViewController.m; sourceTree = SOURCE_ROOT; };
		700C37C11DF92C0200FF7E7B /* PrefixHeader.pch */ = {isa = PBXFileReference; fileEncoding = 4; lastKnownFileType = sourcecode.c.h; path = PrefixHeader.pch; sourceTree = "<group>"; };
		D3809EBDECF27CA3EB7679C3 /* Pods-cor.debug.xcconfig */ = {isa = PBXFileReference; includeInIndex = 1; lastKnownFileType = text.xcconfig; name = "Pods-cor.debug.xcconfig"; path = "Pods/Target Support Files/Pods-cor/Pods-cor.debug.xcconfig"; sourceTree = "<group>"; };
/* End PBXFileReference section */

/* Begin PBXFrameworksBuildPhase section */
		43BA24351DF90A3A003E4D4F /* Frameworks */ = {
			isa = PBXFrameworksBuildPhase;
			buildActionMask = 2147483647;
			files = (
				3D56A36760B74C49F4C475B5 /* libPods-cor.a in Frameworks */,
			);
			runOnlyForDeploymentPostprocessing = 0;
		};
		43BA244E1DF90A3A003E4D4F /* Frameworks */ = {
			isa = PBXFrameworksBuildPhase;
			buildActionMask = 2147483647;
			files = (
			);
			runOnlyForDeploymentPostprocessing = 0;
		};
		43BA24591DF90A3A003E4D4F /* Frameworks */ = {
			isa = PBXFrameworksBuildPhase;
			buildActionMask = 2147483647;
			files = (
			);
			runOnlyForDeploymentPostprocessing = 0;
		};
/* End PBXFrameworksBuildPhase section */

/* Begin PBXGroup section */
		1672A0F61DF934F2002A791D /* my(我的) */ = {
			isa = PBXGroup;
			children = (
				1672A0F71DF93538002A791D /* 图片 */,
				1672A10A1DF93539002A791D /* controller */,
				1672A11E1DF93539002A791D /* model */,
				1672A1231DF93539002A791D /* view */,
			);
			name = "my(我的)";
			path = "cor/my(我的)";
			sourceTree = SOURCE_ROOT;
		};
		1672A0F71DF93538002A791D /* 图片 */ = {
			isa = PBXGroup;
			children = (
				1672A14F1DF93AD0002A791D /* 1.png */,
				1672A0F81DF93538002A791D /* 1.1.png */,
				1672A0F91DF93538002A791D /* 1.2.png */,
				1672A0FA1DF93538002A791D /* 1.3.png */,
				1672A0FB1DF93538002A791D /* 1.4.png */,
				1672A0FC1DF93538002A791D /* 1.5.png */,
				1672A0FD1DF93538002A791D /* shangchuan.png */,
				1672A0FE1DF93538002A791D /* xian.png */,
				1672A0FF1DF93538002A791D /* zuoshangjiao.png */,
				1672A1001DF93538002A791D /* 下侧.png */,
				1672A1011DF93538002A791D /* 增加的.png */,
				1672A1021DF93538002A791D /* 常见问题.png */,
				1672A1031DF93538002A791D /* 按钮图片.png */,
				1672A1041DF93538002A791D /* 照片.png */,
				1672A1051DF93538002A791D /* 登录中间的图片.png */,
				1672A1061DF93538002A791D /* 背景图片.png */,
				1672A1071DF93538002A791D /* 表尾.png */,
				1672A1081DF93538002A791D /* 返回.png */,
				1672A1091DF93539002A791D /* 返回1.png */,
			);
			path = "图片";
			sourceTree = "<group>";
		};
		1672A10A1DF93539002A791D /* controller */ = {
			isa = PBXGroup;
			children = (
				1672A10B1DF93539002A791D /* DengLuViewController.h */,
				1672A10C1DF93539002A791D /* DengLuViewController.m */,
				1672A10D1DF93539002A791D /* GUANKANTableViewCell.h */,
				1672A10E1DF93539002A791D /* GUANKANTableViewCell.m */,
				1672A10F1DF93539002A791D /* GUANKANTableViewCell.xib */,
				1672A1101DF93539002A791D /* GUANKANViewController.h */,
				1672A1111DF93539002A791D /* GUANKANViewController.m */,
				1672A1121DF93539002A791D /* QUDENGLUViewController.h */,
				1672A1131DF93539002A791D /* QUDENGLUViewController.m */,
				1672A1141DF93539002A791D /* SheZhiViewController.h */,
				1672A1151DF93539002A791D /* SheZhiViewController.m */,
				1672A1161DF93539002A791D /* WOViewController.h */,
				1672A1171DF93539002A791D /* WOViewController.m */,
				1672A1181DF93539002A791D /* XiaCeButtonViewController.h */,
				1672A1191DF93539002A791D /* XiaCeButtonViewController.m */,
				1672A11A1DF93539002A791D /* XIHUANViewController.h */,
				1672A11B1DF93539002A791D /* XIHUANViewController.m */,
				1672A11C1DF93539002A791D /* YiJianViewController.h */,
				1672A11D1DF93539002A791D /* YiJianViewController.m */,
			);
			path = controller;
			sourceTree = "<group>";
		};
		1672A11E1DF93539002A791D /* model */ = {
			isa = PBXGroup;
			children = (
				1672A11F1DF93539002A791D /* Model.h */,
				1672A1201DF93539002A791D /* Model.m */,
				1672A1211DF93539002A791D /* UIButton+countDown.h */,
				1672A1221DF93539002A791D /* UIButton+countDown.m */,
			);
			path = model;
			sourceTree = "<group>";
		};
		1672A1231DF93539002A791D /* view */ = {
			isa = PBXGroup;
			children = (
				1672A1241DF93539002A791D /* ButtonView.h */,
				1672A1251DF93539002A791D /* ButtonView.m */,
				1672A1261DF93539002A791D /* WOTableViewCell.h */,
				1672A1271DF93539002A791D /* WOTableViewCell.m */,
				1672A1281DF93539002A791D /* WOTableViewCell.xib */,
				1672A1291DF93539002A791D /* YIJIANTableViewCell.h */,
				1672A12A1DF93539002A791D /* YIJIANTableViewCell.m */,
				1672A12B1DF93539002A791D /* YIJIANTableViewCell.xib */,
			);
			path = view;
			sourceTree = "<group>";
		};
		230248979A3D9597559457BA /* Pods */ = {
			isa = PBXGroup;
			children = (
				D3809EBDECF27CA3EB7679C3 /* Pods-cor.debug.xcconfig */,
				2C63E0A1F5E9B66EE1E7540D /* Pods-cor.release.xcconfig */,
			);
			name = Pods;
			sourceTree = "<group>";
		};
		43BA242F1DF90A39003E4D4F = {
			isa = PBXGroup;
			children = (
				43BA246E1DF90B4C003E4D4F /* cor */,
				43BA24541DF90A3A003E4D4F /* corTests */,
				43BA245F1DF90A3A003E4D4F /* corUITests */,
				43BA24391DF90A3A003E4D4F /* Products */,
				230248979A3D9597559457BA /* Pods */,
				CB022349DE4EE9318744CAB8 /* Frameworks */,
			);
			sourceTree = "<group>";
		};
		43BA24391DF90A3A003E4D4F /* Products */ = {
			isa = PBXGroup;
			children = (
				43BA24381DF90A3A003E4D4F /* cor.app */,
				43BA24511DF90A3A003E4D4F /* corTests.xctest */,
				43BA245C1DF90A3A003E4D4F /* corUITests.xctest */,
			);
			name = Products;
			sourceTree = "<group>";
		};
		43BA24541DF90A3A003E4D4F /* corTests */ = {
			isa = PBXGroup;
			children = (
				43BA24551DF90A3A003E4D4F /* corTests.m */,
				43BA24571DF90A3A003E4D4F /* Info.plist */,
			);
			path = corTests;
			sourceTree = "<group>";
		};
		43BA245F1DF90A3A003E4D4F /* corUITests */ = {
			isa = PBXGroup;
			children = (
				43BA24601DF90A3A003E4D4F /* corUITests.m */,
				43BA24621DF90A3A003E4D4F /* Info.plist */,
			);
			path = corUITests;
			sourceTree = "<group>";
		};
		43BA246E1DF90B4C003E4D4F /* cor */ = {
			isa = PBXGroup;
			children = (
				43BA24811DF90B4C003E4D4F /* SDKS */,
				43BA247D1DF90B4C003E4D4F /* screen */,
				43BA247A1DF90B4C003E4D4F /* helper */,
				43BA24791DF90B4C003E4D4F /* category */,
				43BA246F1DF90B4C003E4D4F /* APPDelegate */,
				43BA24741DF90B4C003E4D4F /* Assets.xcassets */,
				43BA24751DF90B4C003E4D4F /* LaunchScreen.storyboard */,
				43BA24771DF90B4C003E4D4F /* Main.storyboard */,
				43BA247B1DF90B4C003E4D4F /* Info.plist */,
				43BA247C1DF90B4C003E4D4F /* main.m */,
			);
			path = cor;
			sourceTree = "<group>";
		};
		43BA246F1DF90B4C003E4D4F /* APPDelegate */ = {
			isa = PBXGroup;
			children = (
				43BA24701DF90B4C003E4D4F /* AppDelegate.h */,
				43BA24711DF90B4C003E4D4F /* AppDelegate.m */,
				43BA24721DF90B4C003E4D4F /* ViewController.h */,
				43BA24731DF90B4C003E4D4F /* ViewController.m */,
			);
			path = APPDelegate;
			sourceTree = "<group>";
		};
		43BA24791DF90B4C003E4D4F /* category */ = {
			isa = PBXGroup;
			children = (
			);
			path = category;
			sourceTree = "<group>";
		};
		43BA247A1DF90B4C003E4D4F /* helper */ = {
			isa = PBXGroup;
			children = (
				700C37C11DF92C0200FF7E7B /* PrefixHeader.pch */,
			);
			path = helper;
			sourceTree = "<group>";
		};
		43BA247D1DF90B4C003E4D4F /* screen */ = {
			isa = PBXGroup;
			children = (
				1672A0F61DF934F2002A791D /* my(我的) */,
				43BA247E1DF90B4C003E4D4F /* care(关注) */,
				43BA247F1DF90B4C003E4D4F /* home(首页) */,
			);
			path = screen;
			sourceTree = "<group>";
		};
		43BA247E1DF90B4C003E4D4F /* care(关注) */ = {
			isa = PBXGroup;
			children = (
			);
			path = "care(关注)";
			sourceTree = "<group>";
		};
		43BA247F1DF90B4C003E4D4F /* home(首页) */ = {
			isa = PBXGroup;
			children = (
				700C372B1DF92A5C00FF7E7B /* NetWorkManager.h */,
				700C372C1DF92A5C00FF7E7B /* NetWorkManager.m */,
				700C372D1DF92A5C00FF7E7B /* NetworkManagercn.h */,
				700C372E1DF92A5C00FF7E7B /* NetworkManagercn.m */,
				700C37281DF92A2D00FF7E7B /* Newbutton2.h */,
				700C37291DF92A2D00FF7E7B /* Newbutton2.m */,
				700C37311DF92A9A00FF7E7B /* NewcnButton.h */,
				700C37321DF92A9A00FF7E7B /* NewcnButton.m */,
				700C37331DF92A9A00FF7E7B /* othertwo */,
				700C373D1DF92A9A00FF7E7B /* SCreencn */,
				700C37731DF92A9A00FF7E7B /* SDCycleScrollView */,
				700C37881DF92A9A00FF7E7B /* SNmodel.h */,
				700C37891DF92A9A00FF7E7B /* SNmodel.m */,
				700C378A1DF92A9A00FF7E7B /* Super1TableViewController.h */,
				700C378B1DF92A9A00FF7E7B /* Super1TableViewController.m */,
				700C378C1DF92A9A00FF7E7B /* SupercnTableViewCell.h */,
				700C378D1DF92A9A00FF7E7B /* SupercnTableViewCell.m */,
				700C378E1DF92A9A00FF7E7B /* SupercnTableViewCell.xib */,
				700C378F1DF92A9A00FF7E7B /* SupercnViewController.h */,
				700C37901DF92A9A00FF7E7B /* SupercnViewController.m */,
				700C37911DF92A9A00FF7E7B /* Supermodel.h */,
				700C37921DF92A9A00FF7E7B /* Supermodel.m */,
				700C37931DF92A9A00FF7E7B /* SuperModel2.h */,
				700C37941DF92A9A00FF7E7B /* SuperModel2.m */,
				700C37951DF92A9A00FF7E7B /* TabbarcnViewController.h */,
				700C37961DF92A9A00FF7E7B /* TabbarcnViewController.m */,
				700C37971DF92A9A00FF7E7B /* Url.h */,
				700C37BE1DF92AAB00FF7E7B /* XuanzhongViewController.h */,
				700C37BF1DF92AAB00FF7E7B /* XuanzhongViewController.m */,
			);
			path = "home(首页)";
			sourceTree = "<group>";
		};
		43BA24811DF90B4C003E4D4F /* SDKS */ = {
			isa = PBXGroup;
			children = (
			);
			path = SDKS;
			sourceTree = "<group>";
		};
		700C37331DF92A9A00FF7E7B /* othertwo */ = {
			isa = PBXGroup;
			children = (
				700C37341DF92A9A00FF7E7B /* model */,
				700C37351DF92A9A00FF7E7B /* other */,
				700C37361DF92A9A00FF7E7B /* view */,
				700C37371DF92A9A00FF7E7B /* viewcontroller */,
			);
			name = othertwo;
			path = cor/APPDelegate/othertwo;
			sourceTree = SOURCE_ROOT;
		};
		700C37341DF92A9A00FF7E7B /* model */ = {
			isa = PBXGroup;
			children = (
			);
			path = model;
			sourceTree = "<group>";
		};
		700C37351DF92A9A00FF7E7B /* other */ = {
			isa = PBXGroup;
			children = (
			);
			path = other;
			sourceTree = "<group>";
		};
		700C37361DF92A9A00FF7E7B /* view */ = {
			isa = PBXGroup;
			children = (
			);
			path = view;
			sourceTree = "<group>";
		};
		700C37371DF92A9A00FF7E7B /* viewcontroller */ = {
			isa = PBXGroup;
			children = (
				700C37381DF92A9A00FF7E7B /* GuanzhuViewController.h */,
				700C37391DF92A9A00FF7E7B /* GuanzhuViewController.m */,
				700C373A1DF92A9A00FF7E7B /* WodeViewController.h */,
				700C373B1DF92A9A00FF7E7B /* WodeViewController.m */,
			);
			path = viewcontroller;
			sourceTree = "<group>";
		};
		700C373D1DF92A9A00FF7E7B /* SCreencn */ = {
			isa = PBXGroup;
			children = (
				700C373E1DF92A9A00FF7E7B /* yemian1 */,
				700C374B1DF92A9A00FF7E7B /* yemian2 */,
				700C37571DF92A9A00FF7E7B /* yemian3  */,
				700C37651DF92A9A00FF7E7B /* yemian4 */,
			);
			name = SCreencn;
			path = cor/APPDelegate/SCreencn;
			sourceTree = SOURCE_ROOT;
		};
		700C373E1DF92A9A00FF7E7B /* yemian1 */ = {
			isa = PBXGroup;
			children = (
				700C373F1DF92A9A00FF7E7B /* model */,
				700C37441DF92A9A00FF7E7B /* other */,
				700C37471DF92A9A00FF7E7B /* view */,
				700C374A1DF92A9A00FF7E7B /* viewcontroller */,
			);
			path = yemian1;
			sourceTree = "<group>";
		};
		700C373F1DF92A9A00FF7E7B /* model */ = {
			isa = PBXGroup;
			children = (
				700C37401DF92A9A00FF7E7B /* model1.h */,
				700C37411DF92A9A00FF7E7B /* model1.m */,
				700C37421DF92A9A00FF7E7B /* Model11.h */,
				700C37431DF92A9A00FF7E7B /* Model11.m */,
			);
			path = model;
			sourceTree = "<group>";
		};
		700C37441DF92A9A00FF7E7B /* other */ = {
			isa = PBXGroup;
			children = (
				700C37451DF92A9A00FF7E7B /* UIView+Category.h */,
				700C37461DF92A9A00FF7E7B /* UIView+Category.m */,
			);
			path = other;
			sourceTree = "<group>";
		};
		700C37471DF92A9A00FF7E7B /* view */ = {
			isa = PBXGroup;
			children = (
				700C37481DF92A9A00FF7E7B /* Onetableviewcell.h */,
				700C37491DF92A9A00FF7E7B /* Onetableviewcell.m */,
			);
			path = view;
			sourceTree = "<group>";
		};
		700C374A1DF92A9A00FF7E7B /* viewcontroller */ = {
			isa = PBXGroup;
			children = (
			);
			path = viewcontroller;
			sourceTree = "<group>";
		};
		700C374B1DF92A9A00FF7E7B /* yemian2 */ = {
			isa = PBXGroup;
			children = (
				700C374C1DF92A9A00FF7E7B /* model */,
				700C374F1DF92A9A00FF7E7B /* other */,
				700C37501DF92A9A00FF7E7B /* view */,
				700C37541DF92A9A00FF7E7B /* viewcontroller */,
			);
			path = yemian2;
			sourceTree = "<group>";
		};
		700C374C1DF92A9A00FF7E7B /* model */ = {
			isa = PBXGroup;
			children = (
				700C374D1DF92A9A00FF7E7B /* Model22.h */,
				700C374E1DF92A9A00FF7E7B /* Model22.m */,
			);
			path = model;
			sourceTree = "<group>";
		};
		700C374F1DF92A9A00FF7E7B /* other */ = {
			isa = PBXGroup;
			children = (
			);
			path = other;
			sourceTree = "<group>";
		};
		700C37501DF92A9A00FF7E7B /* view */ = {
			isa = PBXGroup;
			children = (
				700C37511DF92A9A00FF7E7B /* SecondTableViewCell.h */,
				700C37521DF92A9A00FF7E7B /* SecondTableViewCell.m */,
				700C37531DF92A9A00FF7E7B /* SecondTableViewCell.xib */,
			);
			path = view;
			sourceTree = "<group>";
		};
		700C37541DF92A9A00FF7E7B /* viewcontroller */ = {
			isa = PBXGroup;
			children = (
				700C37551DF92A9A00FF7E7B /* TwoTableViewController.h */,
				700C37561DF92A9A00FF7E7B /* TwoTableViewController.m */,
			);
			path = viewcontroller;
			sourceTree = "<group>";
		};
		700C37571DF92A9A00FF7E7B /* yemian3  */ = {
			isa = PBXGroup;
			children = (
				700C37581DF92A9A00FF7E7B /* model */,
				700C375D1DF92A9A00FF7E7B /* other */,
				700C375E1DF92A9A00FF7E7B /* view */,
				700C37621DF92A9A00FF7E7B /* viewcontroller */,
			);
			path = "yemian3 ";
			sourceTree = "<group>";
		};
		700C37581DF92A9A00FF7E7B /* model */ = {
			isa = PBXGroup;
			children = (
				700C37591DF92A9A00FF7E7B /* model3.h */,
				700C375A1DF92A9A00FF7E7B /* model3.m */,
				700C375B1DF92A9A00FF7E7B /* Model33.h */,
				700C375C1DF92A9A00FF7E7B /* Model33.m */,
			);
			path = model;
			sourceTree = "<group>";
		};
		700C375D1DF92A9A00FF7E7B /* other */ = {
			isa = PBXGroup;
			children = (
			);
			path = other;
			sourceTree = "<group>";
		};
		700C375E1DF92A9A00FF7E7B /* view */ = {
			isa = PBXGroup;
			children = (
				700C375F1DF92A9A00FF7E7B /* ThirdTableViewCell.h */,
				700C37601DF92A9A00FF7E7B /* ThirdTableViewCell.m */,
				700C37611DF92A9A00FF7E7B /* ThirdTableViewCell.xib */,
			);
			path = view;
			sourceTree = "<group>";
		};
		700C37621DF92A9A00FF7E7B /* viewcontroller */ = {
			isa = PBXGroup;
			children = (
				700C37631DF92A9A00FF7E7B /* ThreeTableViewController.h */,
				700C37641DF92A9A00FF7E7B /* ThreeTableViewController.m */,
			);
			path = viewcontroller;
			sourceTree = "<group>";
		};
		700C37651DF92A9A00FF7E7B /* yemian4 */ = {
			isa = PBXGroup;
			children = (
				700C37661DF92A9A00FF7E7B /* model */,
				700C376B1DF92A9A00FF7E7B /* other */,
				700C376C1DF92A9A00FF7E7B /* view */,
				700C37701DF92A9A00FF7E7B /* viewcontroller */,
			);
			path = yemian4;
			sourceTree = "<group>";
		};
		700C37661DF92A9A00FF7E7B /* model */ = {
			isa = PBXGroup;
			children = (
				700C37671DF92A9A00FF7E7B /* model4.h */,
				700C37681DF92A9A00FF7E7B /* model4.m */,
				700C37691DF92A9A00FF7E7B /* Model44.h */,
				700C376A1DF92A9A00FF7E7B /* Model44.m */,
			);
			path = model;
			sourceTree = "<group>";
		};
		700C376B1DF92A9A00FF7E7B /* other */ = {
			isa = PBXGroup;
			children = (
			);
			path = other;
			sourceTree = "<group>";
		};
		700C376C1DF92A9A00FF7E7B /* view */ = {
			isa = PBXGroup;
			children = (
				700C376D1DF92A9A00FF7E7B /* FouthTableViewCell.h */,
				700C376E1DF92A9A00FF7E7B /* FouthTableViewCell.m */,
				700C376F1DF92A9A00FF7E7B /* FouthTableViewCell.xib */,
			);
			path = view;
			sourceTree = "<group>";
		};
		700C37701DF92A9A00FF7E7B /* viewcontroller */ = {
			isa = PBXGroup;
			children = (
				700C37711DF92A9A00FF7E7B /* FourcnTableViewController.h */,
				700C37721DF92A9A00FF7E7B /* FourcnTableViewController.m */,
			);
			path = viewcontroller;
			sourceTree = "<group>";
		};
		700C37731DF92A9A00FF7E7B /* SDCycleScrollView */ = {
			isa = PBXGroup;
			children = (
				700C37741DF92A9A00FF7E7B /* LICENSE */,
				700C37751DF92A9A00FF7E7B /* README.md */,
				700C37761DF92A9A00FF7E7B /* SDCycleScrollView */,
			);
			name = SDCycleScrollView;
			path = cor/APPDelegate/SDCycleScrollView;
			sourceTree = SOURCE_ROOT;
		};
		700C37761DF92A9A00FF7E7B /* SDCycleScrollView */ = {
			isa = PBXGroup;
			children = (
				700C37771DF92A9A00FF7E7B /* Lib */,
			);
			path = SDCycleScrollView;
			sourceTree = "<group>";
		};
		700C37771DF92A9A00FF7E7B /* Lib */ = {
			isa = PBXGroup;
			children = (
				700C37781DF92A9A00FF7E7B /* SDCycleScrollView */,
			);
			path = Lib;
			sourceTree = "<group>";
		};
		700C37781DF92A9A00FF7E7B /* SDCycleScrollView */ = {
			isa = PBXGroup;
			children = (
				700C37791DF92A9A00FF7E7B /* PageControl */,
				700C37821DF92A9A00FF7E7B /* SDCollectionViewCell.h */,
				700C37831DF92A9A00FF7E7B /* SDCollectionViewCell.m */,
				700C37841DF92A9A00FF7E7B /* SDCycleScrollView.h */,
				700C37851DF92A9A00FF7E7B /* SDCycleScrollView.m */,
				700C37861DF92A9A00FF7E7B /* UIView+SDExtension.h */,
				700C37871DF92A9A00FF7E7B /* UIView+SDExtension.m */,
			);
			path = SDCycleScrollView;
			sourceTree = "<group>";
		};
		700C37791DF92A9A00FF7E7B /* PageControl */ = {
			isa = PBXGroup;
			children = (
				700C377A1DF92A9A00FF7E7B /* TAAbstractDotView.h */,
				700C377B1DF92A9A00FF7E7B /* TAAbstractDotView.m */,
				700C377C1DF92A9A00FF7E7B /* TAAnimatedDotView.h */,
				700C377D1DF92A9A00FF7E7B /* TAAnimatedDotView.m */,
				700C377E1DF92A9A00FF7E7B /* TADotView.h */,
				700C377F1DF92A9A00FF7E7B /* TADotView.m */,
				700C37801DF92A9A00FF7E7B /* TAPageControl.h */,
				700C37811DF92A9A00FF7E7B /* TAPageControl.m */,
			);
			path = PageControl;
			sourceTree = "<group>";
		};
		CB022349DE4EE9318744CAB8 /* Frameworks */ = {
			isa = PBXGroup;
			children = (
				1CA936CEBADAB7DDB0F0A03E /* libPods-cor.a */,
			);
			name = Frameworks;
			sourceTree = "<group>";
		};
/* End PBXGroup section */

/* Begin PBXNativeTarget section */
		43BA24371DF90A3A003E4D4F /* cor */ = {
			isa = PBXNativeTarget;
			buildConfigurationList = 43BA24651DF90A3A003E4D4F /* Build configuration list for PBXNativeTarget "cor" */;
			buildPhases = (
				2A4C290CDBC8ED91553B8967 /* [CP] Check Pods Manifest.lock */,
				43BA24341DF90A3A003E4D4F /* Sources */,
				43BA24351DF90A3A003E4D4F /* Frameworks */,
				43BA24361DF90A3A003E4D4F /* Resources */,
				FBB328F4F42BBC82DD0C8BFD /* [CP] Embed Pods Frameworks */,
				FBFB0EC297951CDDC08F07E3 /* [CP] Copy Pods Resources */,
			);
			buildRules = (
			);
			dependencies = (
			);
			name = cor;
			productName = cor;
			productReference = 43BA24381DF90A3A003E4D4F /* cor.app */;
			productType = "com.apple.product-type.application";
		};
		43BA24501DF90A3A003E4D4F /* corTests */ = {
			isa = PBXNativeTarget;
			buildConfigurationList = 43BA24681DF90A3A003E4D4F /* Build configuration list for PBXNativeTarget "corTests" */;
			buildPhases = (
				43BA244D1DF90A3A003E4D4F /* Sources */,
				43BA244E1DF90A3A003E4D4F /* Frameworks */,
				43BA244F1DF90A3A003E4D4F /* Resources */,
			);
			buildRules = (
			);
			dependencies = (
				43BA24531DF90A3A003E4D4F /* PBXTargetDependency */,
			);
			name = corTests;
			productName = corTests;
			productReference = 43BA24511DF90A3A003E4D4F /* corTests.xctest */;
			productType = "com.apple.product-type.bundle.unit-test";
		};
		43BA245B1DF90A3A003E4D4F /* corUITests */ = {
			isa = PBXNativeTarget;
			buildConfigurationList = 43BA246B1DF90A3A003E4D4F /* Build configuration list for PBXNativeTarget "corUITests" */;
			buildPhases = (
				43BA24581DF90A3A003E4D4F /* Sources */,
				43BA24591DF90A3A003E4D4F /* Frameworks */,
				43BA245A1DF90A3A003E4D4F /* Resources */,
			);
			buildRules = (
			);
			dependencies = (
				43BA245E1DF90A3A003E4D4F /* PBXTargetDependency */,
			);
			name = corUITests;
			productName = corUITests;
			productReference = 43BA245C1DF90A3A003E4D4F /* corUITests.xctest */;
			productType = "com.apple.product-type.bundle.ui-testing";
		};
/* End PBXNativeTarget section */

/* Begin PBXProject section */
		43BA24301DF90A39003E4D4F /* Project object */ = {
			isa = PBXProject;
			attributes = {
				LastUpgradeCheck = 0810;
				ORGANIZATIONNAME = "-";
				TargetAttributes = {
					43BA24371DF90A3A003E4D4F = {
						CreatedOnToolsVersion = 8.1;
						ProvisioningStyle = Automatic;
					};
					43BA24501DF90A3A003E4D4F = {
						CreatedOnToolsVersion = 8.1;
						ProvisioningStyle = Automatic;
						TestTargetID = 43BA24371DF90A3A003E4D4F;
					};
					43BA245B1DF90A3A003E4D4F = {
						CreatedOnToolsVersion = 8.1;
						ProvisioningStyle = Automatic;
						TestTargetID = 43BA24371DF90A3A003E4D4F;
					};
				};
			};
			buildConfigurationList = 43BA24331DF90A39003E4D4F /* Build configuration list for PBXProject "cor" */;
			compatibilityVersion = "Xcode 3.2";
			developmentRegion = English;
			hasScannedForEncodings = 0;
			knownRegions = (
				en,
				Base,
			);
			mainGroup = 43BA242F1DF90A39003E4D4F;
			productRefGroup = 43BA24391DF90A3A003E4D4F /* Products */;
			projectDirPath = "";
			projectRoot = "";
			targets = (
				43BA24371DF90A3A003E4D4F /* cor */,
				43BA24501DF90A3A003E4D4F /* corTests */,
				43BA245B1DF90A3A003E4D4F /* corUITests */,
			);
		};
/* End PBXProject section */

/* Begin PBXResourcesBuildPhase section */
		43BA24361DF90A3A003E4D4F /* Resources */ = {
			isa = PBXResourcesBuildPhase;
			buildActionMask = 2147483647;
			files = (
				1672A12E1DF93539002A791D /* 1.3.png in Resources */,
				1672A1371DF93539002A791D /* 按钮图片.png in Resources */,
				43BA24871DF90B4C003E4D4F /* Info.plist in Resources */,
				1672A1381DF93539002A791D /* 照片.png in Resources */,
				1672A1331DF93539002A791D /* zuoshangjiao.png in Resources */,
				43BA24861DF90B4C003E4D4F /* Main.storyboard in Resources */,
				700C37AD1DF92A9A00FF7E7B /* LICENSE in Resources */,
				1672A1391DF93539002A791D /* 登录中间的图片.png in Resources */,
				1672A12F1DF93539002A791D /* 1.4.png in Resources */,
				1672A1351DF93539002A791D /* 增加的.png in Resources */,
				1672A1311DF93539002A791D /* shangchuan.png in Resources */,
				700C37A11DF92A9A00FF7E7B /* SecondTableViewCell.xib in Resources */,
				1672A12C1DF93539002A791D /* 1.1.png in Resources */,
				1672A1401DF93539002A791D /* GUANKANTableViewCell.xib in Resources */,
				1672A13C1DF93539002A791D /* 返回.png in Resources */,
				43BA24841DF90B4C003E4D4F /* Assets.xcassets in Resources */,
				1672A12D1DF93539002A791D /* 1.2.png in Resources */,
				1672A13B1DF93539002A791D /* 表尾.png in Resources */,
				700C37AB1DF92A9A00FF7E7B /* FouthTableViewCell.xib in Resources */,
				1672A13D1DF93539002A791D /* 返回1.png in Resources */,
				1672A1321DF93539002A791D /* xian.png in Resources */,
				1672A1361DF93539002A791D /* 常见问题.png in Resources */,
				700C37B91DF92A9A00FF7E7B /* SupercnTableViewCell.xib in Resources */,
				1672A14E1DF93539002A791D /* YIJIANTableViewCell.xib in Resources */,
				1672A13A1DF93539002A791D /* 背景图片.png in Resources */,
				43BA24851DF90B4C003E4D4F /* LaunchScreen.storyboard in Resources */,
				1672A1341DF93539002A791D /* 下侧.png in Resources */,
				1672A1301DF93539002A791D /* 1.5.png in Resources */,
				1672A14C1DF93539002A791D /* WOTableViewCell.xib in Resources */,
				700C37A61DF92A9A00FF7E7B /* ThirdTableViewCell.xib in Resources */,
				1672A1501DF93AD0002A791D /* 1.png in Resources */,
			);
			runOnlyForDeploymentPostprocessing = 0;
		};
		43BA244F1DF90A3A003E4D4F /* Resources */ = {
			isa = PBXResourcesBuildPhase;
			buildActionMask = 2147483647;
			files = (
			);
			runOnlyForDeploymentPostprocessing = 0;
		};
		43BA245A1DF90A3A003E4D4F /* Resources */ = {
			isa = PBXResourcesBuildPhase;
			buildActionMask = 2147483647;
			files = (
			);
			runOnlyForDeploymentPostprocessing = 0;
		};
/* End PBXResourcesBuildPhase section */

/* Begin PBXShellScriptBuildPhase section */
		2A4C290CDBC8ED91553B8967 /* [CP] Check Pods Manifest.lock */ = {
			isa = PBXShellScriptBuildPhase;
			buildActionMask = 2147483647;
			files = (
			);
			inputPaths = (
			);
			name = "[CP] Check Pods Manifest.lock";
			outputPaths = (
			);
			runOnlyForDeploymentPostprocessing = 0;
			shellPath = /bin/sh;
			shellScript = "diff \"${PODS_ROOT}/../Podfile.lock\" \"${PODS_ROOT}/Manifest.lock\" > /dev/null\nif [ $? != 0 ] ; then\n    # print error to STDERR\n    echo \"error: The sandbox is not in sync with the Podfile.lock. Run 'pod install' or update your CocoaPods installation.\" >&2\n    exit 1\nfi\n";
			showEnvVarsInLog = 0;
		};
		FBB328F4F42BBC82DD0C8BFD /* [CP] Embed Pods Frameworks */ = {
			isa = PBXShellScriptBuildPhase;
			buildActionMask = 2147483647;
			files = (
			);
			inputPaths = (
			);
			name = "[CP] Embed Pods Frameworks";
			outputPaths = (
			);
			runOnlyForDeploymentPostprocessing = 0;
			shellPath = /bin/sh;
			shellScript = "\"${SRCROOT}/Pods/Target Support Files/Pods-cor/Pods-cor-frameworks.sh\"\n";
			showEnvVarsInLog = 0;
		};
		FBFB0EC297951CDDC08F07E3 /* [CP] Copy Pods Resources */ = {
			isa = PBXShellScriptBuildPhase;
			buildActionMask = 2147483647;
			files = (
			);
			inputPaths = (
			);
			name = "[CP] Copy Pods Resources";
			outputPaths = (
			);
			runOnlyForDeploymentPostprocessing = 0;
			shellPath = /bin/sh;
			shellScript = "\"${SRCROOT}/Pods/Target Support Files/Pods-cor/Pods-cor-resources.sh\"\n";
			showEnvVarsInLog = 0;
		};
/* End PBXShellScriptBuildPhase section */

/* Begin PBXSourcesBuildPhase section */
		43BA24341DF90A3A003E4D4F /* Sources */ = {
			isa = PBXSourcesBuildPhase;
			buildActionMask = 2147483647;
			files = (
				700C37A71DF92A9A00FF7E7B /* ThreeTableViewController.m in Sources */,
				1672A13F1DF93539002A791D /* GUANKANTableViewCell.m in Sources */,
				700C37B11DF92A9A00FF7E7B /* TADotView.m in Sources */,
				1672A1421DF93539002A791D /* QUDENGLUViewController.m in Sources */,
				700C379E1DF92A9A00FF7E7B /* Onetableviewcell.m in Sources */,
				700C37B71DF92A9A00FF7E7B /* Super1TableViewController.m in Sources */,
				1672A1451DF93539002A791D /* XiaCeButtonViewController.m in Sources */,
				43BA24831DF90B4C003E4D4F /* ViewController.m in Sources */,
				1672A1431DF93539002A791D /* SheZhiViewController.m in Sources */,
				1672A1481DF93539002A791D /* Model.m in Sources */,
				1672A14A1DF93539002A791D /* ButtonView.m in Sources */,
				700C37BA1DF92A9A00FF7E7B /* SupercnViewController.m in Sources */,
				700C37301DF92A5C00FF7E7B /* NetworkManagercn.m in Sources */,
				43BA24881DF90B4C003E4D4F /* main.m in Sources */,
				700C37A91DF92A9A00FF7E7B /* Model44.m in Sources */,
				700C37B51DF92A9A00FF7E7B /* UIView+SDExtension.m in Sources */,
				700C37BC1DF92A9A00FF7E7B /* SuperModel2.m in Sources */,
				700C37A21DF92A9A00FF7E7B /* TwoTableViewController.m in Sources */,
				700C37AF1DF92A9A00FF7E7B /* TAAbstractDotView.m in Sources */,
				700C37C01DF92AAB00FF7E7B /* XuanzhongViewController.m in Sources */,
				1672A1411DF93539002A791D /* GUANKANViewController.m in Sources */,
				700C37991DF92A9A00FF7E7B /* GuanzhuViewController.m in Sources */,
				700C37981DF92A9A00FF7E7B /* NewcnButton.m in Sources */,
				700C37A01DF92A9A00FF7E7B /* SecondTableViewCell.m in Sources */,
				700C37A31DF92A9A00FF7E7B /* model3.m in Sources */,
				700C37A41DF92A9A00FF7E7B /* Model33.m in Sources */,
				700C37B41DF92A9A00FF7E7B /* SDCycleScrollView.m in Sources */,
				700C37AE1DF92A9A00FF7E7B /* README.md in Sources */,
				700C379B1DF92A9A00FF7E7B /* model1.m in Sources */,
				700C37B61DF92A9A00FF7E7B /* SNmodel.m in Sources */,
				700C37A81DF92A9A00FF7E7B /* model4.m in Sources */,
				700C37BB1DF92A9A00FF7E7B /* Supermodel.m in Sources */,
				43BA24821DF90B4C003E4D4F /* AppDelegate.m in Sources */,
				700C37BD1DF92A9A00FF7E7B /* TabbarcnViewController.m in Sources */,
				1672A1471DF93539002A791D /* YiJianViewController.m in Sources */,
				700C37B01DF92A9A00FF7E7B /* TAAnimatedDotView.m in Sources */,
				700C37B21DF92A9A00FF7E7B /* TAPageControl.m in Sources */,
				700C372A1DF92A2D00FF7E7B /* Newbutton2.m in Sources */,
				700C37B81DF92A9A00FF7E7B /* SupercnTableViewCell.m in Sources */,
				1672A14B1DF93539002A791D /* WOTableViewCell.m in Sources */,
				700C37A51DF92A9A00FF7E7B /* ThirdTableViewCell.m in Sources */,
				700C379F1DF92A9A00FF7E7B /* Model22.m in Sources */,
				700C37B31DF92A9A00FF7E7B /* SDCollectionViewCell.m in Sources */,
				1672A1441DF93539002A791D /* WOViewController.m in Sources */,
				700C37AC1DF92A9A00FF7E7B /* FourcnTableViewController.m in Sources */,
				1672A14D1DF93539002A791D /* YIJIANTableViewCell.m in Sources */,
				700C37AA1DF92A9A00FF7E7B /* FouthTableViewCell.m in Sources */,
				700C379C1DF92A9A00FF7E7B /* Model11.m in Sources */,
				1672A1491DF93539002A791D /* UIButton+countDown.m in Sources */,
				700C372F1DF92A5C00FF7E7B /* NetWorkManager.m in Sources */,
				700C379D1DF92A9A00FF7E7B /* UIView+Category.m in Sources */,
				1672A1461DF93539002A791D /* XIHUANViewController.m in Sources */,
				700C379A1DF92A9A00FF7E7B /* WodeViewController.m in Sources */,
				1672A13E1DF93539002A791D /* DengLuViewController.m in Sources */,
			);
			runOnlyForDeploymentPostprocessing = 0;
		};
		43BA244D1DF90A3A003E4D4F /* Sources */ = {
			isa = PBXSourcesBuildPhase;
			buildActionMask = 2147483647;
			files = (
				43BA24561DF90A3A003E4D4F /* corTests.m in Sources */,
			);
			runOnlyForDeploymentPostprocessing = 0;
		};
		43BA24581DF90A3A003E4D4F /* Sources */ = {
			isa = PBXSourcesBuildPhase;
			buildActionMask = 2147483647;
			files = (
				43BA24611DF90A3A003E4D4F /* corUITests.m in Sources */,
			);
			runOnlyForDeploymentPostprocessing = 0;
		};
/* End PBXSourcesBuildPhase section */

/* Begin PBXTargetDependency section */
		43BA24531DF90A3A003E4D4F /* PBXTargetDependency */ = {
			isa = PBXTargetDependency;
			target = 43BA24371DF90A3A003E4D4F /* cor */;
			targetProxy = 43BA24521DF90A3A003E4D4F /* PBXContainerItemProxy */;
		};
		43BA245E1DF90A3A003E4D4F /* PBXTargetDependency */ = {
			isa = PBXTargetDependency;
			target = 43BA24371DF90A3A003E4D4F /* cor */;
			targetProxy = 43BA245D1DF90A3A003E4D4F /* PBXContainerItemProxy */;
		};
/* End PBXTargetDependency section */

/* Begin PBXVariantGroup section */
		43BA24751DF90B4C003E4D4F /* LaunchScreen.storyboard */ = {
			isa = PBXVariantGroup;
			children = (
				43BA24761DF90B4C003E4D4F /* Base */,
			);
			name = LaunchScreen.storyboard;
			sourceTree = "<group>";
		};
		43BA24771DF90B4C003E4D4F /* Main.storyboard */ = {
			isa = PBXVariantGroup;
			children = (
				43BA24781DF90B4C003E4D4F /* Base */,
			);
			name = Main.storyboard;
			sourceTree = "<group>";
		};
/* End PBXVariantGroup section */

/* Begin XCBuildConfiguration section */
		43BA24631DF90A3A003E4D4F /* Debug */ = {
			isa = XCBuildConfiguration;
			buildSettings = {
				ALWAYS_SEARCH_USER_PATHS = NO;
				CLANG_ANALYZER_NONNULL = YES;
				CLANG_CXX_LANGUAGE_STANDARD = "gnu++0x";
				CLANG_CXX_LIBRARY = "libc++";
				CLANG_ENABLE_MODULES = YES;
				CLANG_ENABLE_OBJC_ARC = YES;
				CLANG_WARN_BOOL_CONVERSION = YES;
				CLANG_WARN_CONSTANT_CONVERSION = YES;
				CLANG_WARN_DIRECT_OBJC_ISA_USAGE = YES_ERROR;
				CLANG_WARN_DOCUMENTATION_COMMENTS = YES;
				CLANG_WARN_EMPTY_BODY = YES;
				CLANG_WARN_ENUM_CONVERSION = YES;
				CLANG_WARN_INFINITE_RECURSION = YES;
				CLANG_WARN_INT_CONVERSION = YES;
				CLANG_WARN_OBJC_ROOT_CLASS = YES_ERROR;
				CLANG_WARN_SUSPICIOUS_MOVES = YES;
				CLANG_WARN_UNREACHABLE_CODE = YES;
				CLANG_WARN__DUPLICATE_METHOD_MATCH = YES;
				"CODE_SIGN_IDENTITY[sdk=iphoneos*]" = "iPhone Developer";
				COPY_PHASE_STRIP = NO;
				DEBUG_INFORMATION_FORMAT = dwarf;
				ENABLE_STRICT_OBJC_MSGSEND = YES;
				ENABLE_TESTABILITY = YES;
				GCC_C_LANGUAGE_STANDARD = gnu99;
				GCC_DYNAMIC_NO_PIC = NO;
				GCC_NO_COMMON_BLOCKS = YES;
				GCC_OPTIMIZATION_LEVEL = 0;
				GCC_PREPROCESSOR_DEFINITIONS = (
					"DEBUG=1",
					"$(inherited)",
				);
				GCC_WARN_64_TO_32_BIT_CONVERSION = YES;
				GCC_WARN_ABOUT_RETURN_TYPE = YES_ERROR;
				GCC_WARN_UNDECLARED_SELECTOR = YES;
				GCC_WARN_UNINITIALIZED_AUTOS = YES_AGGRESSIVE;
				GCC_WARN_UNUSED_FUNCTION = YES;
				GCC_WARN_UNUSED_VARIABLE = YES;
				IPHONEOS_DEPLOYMENT_TARGET = 10.1;
				MTL_ENABLE_DEBUG_INFO = YES;
				ONLY_ACTIVE_ARCH = YES;
				SDKROOT = iphoneos;
				TARGETED_DEVICE_FAMILY = "1,2";
			};
			name = Debug;
		};
		43BA24641DF90A3A003E4D4F /* Release */ = {
			isa = XCBuildConfiguration;
			buildSettings = {
				ALWAYS_SEARCH_USER_PATHS = NO;
				CLANG_ANALYZER_NONNULL = YES;
				CLANG_CXX_LANGUAGE_STANDARD = "gnu++0x";
				CLANG_CXX_LIBRARY = "libc++";
				CLANG_ENABLE_MODULES = YES;
				CLANG_ENABLE_OBJC_ARC = YES;
				CLANG_WARN_BOOL_CONVERSION = YES;
				CLANG_WARN_CONSTANT_CONVERSION = YES;
				CLANG_WARN_DIRECT_OBJC_ISA_USAGE = YES_ERROR;
				CLANG_WARN_DOCUMENTATION_COMMENTS = YES;
				CLANG_WARN_EMPTY_BODY = YES;
				CLANG_WARN_ENUM_CONVERSION = YES;
				CLANG_WARN_INFINITE_RECURSION = YES;
				CLANG_WARN_INT_CONVERSION = YES;
				CLANG_WARN_OBJC_ROOT_CLASS = YES_ERROR;
				CLANG_WARN_SUSPICIOUS_MOVES = YES;
				CLANG_WARN_UNREACHABLE_CODE = YES;
				CLANG_WARN__DUPLICATE_METHOD_MATCH = YES;
				"CODE_SIGN_IDENTITY[sdk=iphoneos*]" = "iPhone Developer";
				COPY_PHASE_STRIP = NO;
				DEBUG_INFORMATION_FORMAT = "dwarf-with-dsym";
				ENABLE_NS_ASSERTIONS = NO;
				ENABLE_STRICT_OBJC_MSGSEND = YES;
				GCC_C_LANGUAGE_STANDARD = gnu99;
				GCC_NO_COMMON_BLOCKS = YES;
				GCC_WARN_64_TO_32_BIT_CONVERSION = YES;
				GCC_WARN_ABOUT_RETURN_TYPE = YES_ERROR;
				GCC_WARN_UNDECLARED_SELECTOR = YES;
				GCC_WARN_UNINITIALIZED_AUTOS = YES_AGGRESSIVE;
				GCC_WARN_UNUSED_FUNCTION = YES;
				GCC_WARN_UNUSED_VARIABLE = YES;
				IPHONEOS_DEPLOYMENT_TARGET = 10.1;
				MTL_ENABLE_DEBUG_INFO = NO;
				SDKROOT = iphoneos;
				TARGETED_DEVICE_FAMILY = "1,2";
				VALIDATE_PRODUCT = YES;
			};
			name = Release;
		};
		43BA24661DF90A3A003E4D4F /* Debug */ = {
			isa = XCBuildConfiguration;
			baseConfigurationReference = D3809EBDECF27CA3EB7679C3 /* Pods-cor.debug.xcconfig */;
			buildSettings = {
				ASSETCATALOG_COMPILER_APPICON_NAME = AppIcon;
				GCC_PREFIX_HEADER = cor/helper/PrefixHeader.pch;
				INFOPLIST_FILE = cor/Info.plist;
				IPHONEOS_DEPLOYMENT_TARGET = 10.0;
				LD_RUNPATH_SEARCH_PATHS = "$(inherited) @executable_path/Frameworks";
				PRODUCT_BUNDLE_IDENTIFIER = com.wyzc.www.cor;
				PRODUCT_NAME = "$(TARGET_NAME)";
			};
			name = Debug;
		};
		43BA24671DF90A3A003E4D4F /* Release */ = {
			isa = XCBuildConfiguration;
			baseConfigurationReference = 2C63E0A1F5E9B66EE1E7540D /* Pods-cor.release.xcconfig */;
			buildSettings = {
				ASSETCATALOG_COMPILER_APPICON_NAME = AppIcon;
				GCC_PREFIX_HEADER = cor/helper/PrefixHeader.pch;
				INFOPLIST_FILE = cor/Info.plist;
				IPHONEOS_DEPLOYMENT_TARGET = 10.0;
				LD_RUNPATH_SEARCH_PATHS = "$(inherited) @executable_path/Frameworks";
				PRODUCT_BUNDLE_IDENTIFIER = com.wyzc.www.cor;
				PRODUCT_NAME = "$(TARGET_NAME)";
			};
			name = Release;
		};
		43BA24691DF90A3A003E4D4F /* Debug */ = {
			isa = XCBuildConfiguration;
			buildSettings = {
				BUNDLE_LOADER = "$(TEST_HOST)";
				INFOPLIST_FILE = corTests/Info.plist;
				LD_RUNPATH_SEARCH_PATHS = "$(inherited) @executable_path/Frameworks @loader_path/Frameworks";
				PRODUCT_BUNDLE_IDENTIFIER = com.wyzc.www.corTests;
				PRODUCT_NAME = "$(TARGET_NAME)";
				TEST_HOST = "$(BUILT_PRODUCTS_DIR)/cor.app/cor";
			};
			name = Debug;
		};
		43BA246A1DF90A3A003E4D4F /* Release */ = {
			isa = XCBuildConfiguration;
			buildSettings = {
				BUNDLE_LOADER = "$(TEST_HOST)";
				INFOPLIST_FILE = corTests/Info.plist;
				LD_RUNPATH_SEARCH_PATHS = "$(inherited) @executable_path/Frameworks @loader_path/Frameworks";
				PRODUCT_BUNDLE_IDENTIFIER = com.wyzc.www.corTests;
				PRODUCT_NAME = "$(TARGET_NAME)";
				TEST_HOST = "$(BUILT_PRODUCTS_DIR)/cor.app/cor";
			};
			name = Release;
		};
		43BA246C1DF90A3A003E4D4F /* Debug */ = {
			isa = XCBuildConfiguration;
			buildSettings = {
				INFOPLIST_FILE = corUITests/Info.plist;
				LD_RUNPATH_SEARCH_PATHS = "$(inherited) @executable_path/Frameworks @loader_path/Frameworks";
				PRODUCT_BUNDLE_IDENTIFIER = com.wyzc.www.corUITests;
				PRODUCT_NAME = "$(TARGET_NAME)";
				TEST_TARGET_NAME = cor;
			};
			name = Debug;
		};
		43BA246D1DF90A3A003E4D4F /* Release */ = {
			isa = XCBuildConfiguration;
			buildSettings = {
				INFOPLIST_FILE = corUITests/Info.plist;
				LD_RUNPATH_SEARCH_PATHS = "$(inherited) @executable_path/Frameworks @loader_path/Frameworks";
				PRODUCT_BUNDLE_IDENTIFIER = com.wyzc.www.corUITests;
				PRODUCT_NAME = "$(TARGET_NAME)";
				TEST_TARGET_NAME = cor;
			};
			name = Release;
		};
/* End XCBuildConfiguration section */

/* Begin XCConfigurationList section */
		43BA24331DF90A39003E4D4F /* Build configuration list for PBXProject "cor" */ = {
			isa = XCConfigurationList;
			buildConfigurations = (
				43BA24631DF90A3A003E4D4F /* Debug */,
				43BA24641DF90A3A003E4D4F /* Release */,
			);
			defaultConfigurationIsVisible = 0;
			defaultConfigurationName = Release;
		};
		43BA24651DF90A3A003E4D4F /* Build configuration list for PBXNativeTarget "cor" */ = {
			isa = XCConfigurationList;
			buildConfigurations = (
				43BA24661DF90A3A003E4D4F /* Debug */,
				43BA24671DF90A3A003E4D4F /* Release */,
			);
			defaultConfigurationIsVisible = 0;
			defaultConfigurationName = Release;
		};
		43BA24681DF90A3A003E4D4F /* Build configuration list for PBXNativeTarget "corTests" */ = {
			isa = XCConfigurationList;
			buildConfigurations = (
				43BA24691DF90A3A003E4D4F /* Debug */,
				43BA246A1DF90A3A003E4D4F /* Release */,
			);
			defaultConfigurationIsVisible = 0;
			defaultConfigurationName = Release;
		};
		43BA246B1DF90A3A003E4D4F /* Build configuration list for PBXNativeTarget "corUITests" */ = {
			isa = XCConfigurationList;
			buildConfigurations = (
				43BA246C1DF90A3A003E4D4F /* Debug */,
				43BA246D1DF90A3A003E4D4F /* Release */,
			);
			defaultConfigurationIsVisible = 0;
			defaultConfigurationName = Release;
		};
/* End XCConfigurationList section */
	};
	rootObject = 43BA24301DF90A39003E4D4F /* Project object */;
}
